
Microsoft Visual Studio Solution File, Format Version 12.00
# Visual Studio Version 16
VisualStudioVersion = 16.0.31410.357
MinimumVisualStudioVersion = 10.0.40219.1
Project("{FAE04EC0-301F-11D3-BF4B-00C04F79EFBC}") = "CrearTextos", "CrearTextos\CrearTextos.csproj", "{A0105F82-80CB-4419-A35E-1046BEF8CFEE}"
EndProject
Project("{2150E333-8FDC-42A3-9474-1A3956D46DE8}") = "Textos", "Textos", "{781B34D4-79A4-4BBA-91D4-A1FEC40E712B}"
EndProject
Project("{FAE04EC0-301F-11D3-BF4B-00C04F79EFBC}") = "FormatearTexto", "FormatearTexto\FormatearTexto.csproj", "{D63D277F-60ED-4139-9FC8-9A23775FE880}"
EndProject
Project("{2150E333-8FDC-42A3-9474-1A3956D46DE8}") = "Etiquetas", "Etiquetas", "{00A3C5F8-DCA9-4277-8486-ACA9597FE74E}"
EndProject
Project("{FAE04EC0-301F-11D3-BF4B-00C04F79EFBC}") = "CrearEtiqueta", "CrearEtiqueta\CrearEtiqueta.csproj", "{C7615103-D53A-4AF8-8B22-84C2CD0D0CA3}"
EndProject
Project("{2150E333-8FDC-42A3-9474-1A3956D46DE8}") = "Simbolos", "Simbolos", "{3EB13A0F-C0A9-4DE2-81F6-25E2C1C69C5F}"
EndProject
Project("{2150E333-8FDC-42A3-9474-1A3956D46DE8}") = "Lineas", "Lineas", "{1020AB49-40DA-428E-AA70-7C77F98A0231}"
EndProject
Project("{2150E333-8FDC-42A3-9474-1A3956D46DE8}") = "Cotas", "Cotas", "{97466D95-BCCB-41AF-BFAC-9A192D7BBD7B}"
EndProject
Project("{2150E333-8FDC-42A3-9474-1A3956D46DE8}") = "RellenosColor", "RellenosColor", "{6471DFE4-BDDB-4EB6-8D4A-235C9E398CF7}"
EndProject
Project("{FAE04EC0-301F-11D3-BF4B-00C04F79EFBC}") = "CrearCota", "CrearCota\CrearCota.csproj", "{F0B4A6C2-7A69-4906-96DB-3E0F3A91BE35}"
EndProject
Project("{FAE04EC0-301F-11D3-BF4B-00C04F79EFBC}") = "CambiarCota", "CambiarCota\CambiarCota.csproj", "{A907E089-86E9-43A2-8A53-386F7CB63A45}"
EndProject
Project("{FAE04EC0-301F-11D3-BF4B-00C04F79EFBC}") = "AgregarTexto", "AgregarTexto\AgregarTexto.csproj", "{9EFA8E62-BACB-4663-B7EC-2C211EF52300}"
EndProject
Project("{FAE04EC0-301F-11D3-BF4B-00C04F79EFBC}") = "CrearSimbolo", "CrearSimbolo\CrearSimbolo.csproj", "{1D055151-B9DA-4C8B-BE25-A6C4B3D1C9A7}"
EndProject
Project("{FAE04EC0-301F-11D3-BF4B-00C04F79EFBC}") = "CrearDetailCurve", "CrearDetailCurve\CrearDetailCurve.csproj", "{46445FC3-2586-41E0-9F66-75D75F557D39}"
EndProject
Project("{FAE04EC0-301F-11D3-BF4B-00C04F79EFBC}") = "EditorTextoOpciones", "EditorTextoOpciones\EditorTextoOpciones.csproj", "{44D488D3-EEAF-4099-AE9C-C3800BE9A866}"
EndProject
Project("{FAE04EC0-301F-11D3-BF4B-00C04F79EFBC}") = "ConvertirLineas", "ConvertirLineas\ConvertirLineas.csproj", "{7B90D3FD-0D52-4AB6-A6C5-2B67EDD8EAC0}"
EndProject
Project("{FAE04EC0-301F-11D3-BF4B-00C04F79EFBC}") = "RotarTexto", "RotarTexto\RotarTexto.csproj", "{F2885C8A-D234-4AE4-A563-5A6D6FAACCA7}"
EndProject
Project("{FAE04EC0-301F-11D3-BF4B-00C04F79EFBC}") = "CrearEstiloLinea", "CrearEstiloLinea\CrearEstiloLinea.csproj", "{2F5604FD-55BA-44BF-AC69-ACB17710FB55}"
EndProject
Project("{2150E333-8FDC-42A3-9474-1A3956D46DE8}") = "Regiones", "Regiones", "{315CE075-AC02-4ECB-B464-414DDC14575B}"
EndProject
Project("{FAE04EC0-301F-11D3-BF4B-00C04F79EFBC}") = "CrearRegion", "CrearRegion\CrearRegion.csproj", "{B0DD9254-9EBD-4809-8E59-EFD15F111070}"
EndProject
Project("{FAE04EC0-301F-11D3-BF4B-00C04F79EFBC}") = "CrearLeyenda", "CrearLeyenda\CrearLeyenda.csproj", "{680251B3-8E60-4F7A-8453-EE4AF142779D}"
EndProject
Project("{FAE04EC0-301F-11D3-BF4B-00C04F79EFBC}") = "CrearEsquema", "CrearEsquema\CrearEsquema.csproj", "{E98A89F6-41B7-4113-B532-F5132373F2EA}"
EndProject
Project("{FAE04EC0-301F-11D3-BF4B-00C04F79EFBC}") = "ModificarPatron", "ModificarPatron\ModificarPatron.csproj", "{4B917BF0-B4BC-4A9D-A5EC-1C29E5404197}"
EndProject
Global
	GlobalSection(SolutionConfigurationPlatforms) = preSolution
		Debug|Any CPU = Debug|Any CPU
		Release|Any CPU = Release|Any CPU
	EndGlobalSection
	GlobalSection(ProjectConfigurationPlatforms) = postSolution
		{A0105F82-80CB-4419-A35E-1046BEF8CFEE}.Debug|Any CPU.ActiveCfg = Debug|Any CPU
		{A0105F82-80CB-4419-A35E-1046BEF8CFEE}.Debug|Any CPU.Build.0 = Debug|Any CPU
		{A0105F82-80CB-4419-A35E-1046BEF8CFEE}.Release|Any CPU.ActiveCfg = Release|Any CPU
		{A0105F82-80CB-4419-A35E-1046BEF8CFEE}.Release|Any CPU.Build.0 = Release|Any CPU
		{D63D277F-60ED-4139-9FC8-9A23775FE880}.Debug|Any CPU.ActiveCfg = Debug|Any CPU
		{D63D277F-60ED-4139-9FC8-9A23775FE880}.Debug|Any CPU.Build.0 = Debug|Any CPU
		{D63D277F-60ED-4139-9FC8-9A23775FE880}.Release|Any CPU.ActiveCfg = Release|Any CPU
		{D63D277F-60ED-4139-9FC8-9A23775FE880}.Release|Any CPU.Build.0 = Release|Any CPU
		{C7615103-D53A-4AF8-8B22-84C2CD0D0CA3}.Debug|Any CPU.ActiveCfg = Debug|Any CPU
		{C7615103-D53A-4AF8-8B22-84C2CD0D0CA3}.Debug|Any CPU.Build.0 = Debug|Any CPU
		{C7615103-D53A-4AF8-8B22-84C2CD0D0CA3}.Release|Any CPU.ActiveCfg = Release|Any CPU
		{C7615103-D53A-4AF8-8B22-84C2CD0D0CA3}.Release|Any CPU.Build.0 = Release|Any CPU
		{F0B4A6C2-7A69-4906-96DB-3E0F3A91BE35}.Debug|Any CPU.ActiveCfg = Debug|Any CPU
		{F0B4A6C2-7A69-4906-96DB-3E0F3A91BE35}.Debug|Any CPU.Build.0 = Debug|Any CPU
		{F0B4A6C2-7A69-4906-96DB-3E0F3A91BE35}.Release|Any CPU.ActiveCfg = Release|Any CPU
		{F0B4A6C2-7A69-4906-96DB-3E0F3A91BE35}.Release|Any CPU.Build.0 = Release|Any CPU
		{A907E089-86E9-43A2-8A53-386F7CB63A45}.Debug|Any CPU.ActiveCfg = Debug|Any CPU
		{A907E089-86E9-43A2-8A53-386F7CB63A45}.Debug|Any CPU.Build.0 = Debug|Any CPU
		{A907E089-86E9-43A2-8A53-386F7CB63A45}.Release|Any CPU.ActiveCfg = Release|Any CPU
		{A907E089-86E9-43A2-8A53-386F7CB63A45}.Release|Any CPU.Build.0 = Release|Any CPU
		{9EFA8E62-BACB-4663-B7EC-2C211EF52300}.Debug|Any CPU.ActiveCfg = Debug|Any CPU
		{9EFA8E62-BACB-4663-B7EC-2C211EF52300}.Debug|Any CPU.Build.0 = Debug|Any CPU
		{9EFA8E62-BACB-4663-B7EC-2C211EF52300}.Release|Any CPU.ActiveCfg = Release|Any CPU
		{9EFA8E62-BACB-4663-B7EC-2C211EF52300}.Release|Any CPU.Build.0 = Release|Any CPU
		{1D055151-B9DA-4C8B-BE25-A6C4B3D1C9A7}.Debug|Any CPU.ActiveCfg = Debug|Any CPU
		{1D055151-B9DA-4C8B-BE25-A6C4B3D1C9A7}.Debug|Any CPU.Build.0 = Debug|Any CPU
		{1D055151-B9DA-4C8B-BE25-A6C4B3D1C9A7}.Release|Any CPU.ActiveCfg = Release|Any CPU
		{1D055151-B9DA-4C8B-BE25-A6C4B3D1C9A7}.Release|Any CPU.Build.0 = Release|Any CPU
		{46445FC3-2586-41E0-9F66-75D75F557D39}.Debug|Any CPU.ActiveCfg = Debug|Any CPU
		{46445FC3-2586-41E0-9F66-75D75F557D39}.Debug|Any CPU.Build.0 = Debug|Any CPU
		{46445FC3-2586-41E0-9F66-75D75F557D39}.Release|Any CPU.ActiveCfg = Release|Any CPU
		{46445FC3-2586-41E0-9F66-75D75F557D39}.Release|Any CPU.Build.0 = Release|Any CPU
		{44D488D3-EEAF-4099-AE9C-C3800BE9A866}.Debug|Any CPU.ActiveCfg = Debug|Any CPU
		{44D488D3-EEAF-4099-AE9C-C3800BE9A866}.Debug|Any CPU.Build.0 = Debug|Any CPU
		{44D488D3-EEAF-4099-AE9C-C3800BE9A866}.Release|Any CPU.ActiveCfg = Release|Any CPU
		{44D488D3-EEAF-4099-AE9C-C3800BE9A866}.Release|Any CPU.Build.0 = Release|Any CPU
		{7B90D3FD-0D52-4AB6-A6C5-2B67EDD8EAC0}.Debug|Any CPU.ActiveCfg = Debug|Any CPU
		{7B90D3FD-0D52-4AB6-A6C5-2B67EDD8EAC0}.Debug|Any CPU.Build.0 = Debug|Any CPU
		{7B90D3FD-0D52-4AB6-A6C5-2B67EDD8EAC0}.Release|Any CPU.ActiveCfg = Release|Any CPU
		{7B90D3FD-0D52-4AB6-A6C5-2B67EDD8EAC0}.Release|Any CPU.Build.0 = Release|Any CPU
		{F2885C8A-D234-4AE4-A563-5A6D6FAACCA7}.Debug|Any CPU.ActiveCfg = Debug|Any CPU
		{F2885C8A-D234-4AE4-A563-5A6D6FAACCA7}.Debug|Any CPU.Build.0 = Debug|Any CPU
		{F2885C8A-D234-4AE4-A563-5A6D6FAACCA7}.Release|Any CPU.ActiveCfg = Release|Any CPU
		{F2885C8A-D234-4AE4-A563-5A6D6FAACCA7}.Release|Any CPU.Build.0 = Release|Any CPU
		{2F5604FD-55BA-44BF-AC69-ACB17710FB55}.Debug|Any CPU.ActiveCfg = Debug|Any CPU
		{2F5604FD-55BA-44BF-AC69-ACB17710FB55}.Debug|Any CPU.Build.0 = Debug|Any CPU
		{2F5604FD-55BA-44BF-AC69-ACB17710FB55}.Release|Any CPU.ActiveCfg = Release|Any CPU
		{2F5604FD-55BA-44BF-AC69-ACB17710FB55}.Release|Any CPU.Build.0 = Release|Any CPU
		{B0DD9254-9EBD-4809-8E59-EFD15F111070}.Debug|Any CPU.ActiveCfg = Debug|Any CPU
		{B0DD9254-9EBD-4809-8E59-EFD15F111070}.Debug|Any CPU.Build.0 = Debug|Any CPU
		{B0DD9254-9EBD-4809-8E59-EFD15F111070}.Release|Any CPU.ActiveCfg = Release|Any CPU
		{B0DD9254-9EBD-4809-8E59-EFD15F111070}.Release|Any CPU.Build.0 = Release|Any CPU
		{680251B3-8E60-4F7A-8453-EE4AF142779D}.Debug|Any CPU.ActiveCfg = Debug|Any CPU
		{680251B3-8E60-4F7A-8453-EE4AF142779D}.Debug|Any CPU.Build.0 = Debug|Any CPU
		{680251B3-8E60-4F7A-8453-EE4AF142779D}.Release|Any CPU.ActiveCfg = Release|Any CPU
		{680251B3-8E60-4F7A-8453-EE4AF142779D}.Release|Any CPU.Build.0 = Release|Any CPU
		{E98A89F6-41B7-4113-B532-F5132373F2EA}.Debug|Any CPU.ActiveCfg = Debug|Any CPU
		{E98A89F6-41B7-4113-B532-F5132373F2EA}.Debug|Any CPU.Build.0 = Debug|Any CPU
		{E98A89F6-41B7-4113-B532-F5132373F2EA}.Release|Any CPU.ActiveCfg = Release|Any CPU
		{E98A89F6-41B7-4113-B532-F5132373F2EA}.Release|Any CPU.Build.0 = Release|Any CPU
		{4B917BF0-B4BC-4A9D-A5EC-1C29E5404197}.Debug|Any CPU.ActiveCfg = Debug|Any CPU
		{4B917BF0-B4BC-4A9D-A5EC-1C29E5404197}.Debug|Any CPU.Build.0 = Debug|Any CPU
		{4B917BF0-B4BC-4A9D-A5EC-1C29E5404197}.Release|Any CPU.ActiveCfg = Release|Any CPU
		{4B917BF0-B4BC-4A9D-A5EC-1C29E5404197}.Release|Any CPU.Build.0 = Release|Any CPU
	EndGlobalSection
	GlobalSection(SolutionProperties) = preSolution
		HideSolutionNode = FALSE
	EndGlobalSection
	GlobalSection(NestedProjects) = preSolution
		{A0105F82-80CB-4419-A35E-1046BEF8CFEE} = {781B34D4-79A4-4BBA-91D4-A1FEC40E712B}
		{D63D277F-60ED-4139-9FC8-9A23775FE880} = {781B34D4-79A4-4BBA-91D4-A1FEC40E712B}
		{C7615103-D53A-4AF8-8B22-84C2CD0D0CA3} = {00A3C5F8-DCA9-4277-8486-ACA9597FE74E}
		{F0B4A6C2-7A69-4906-96DB-3E0F3A91BE35} = {97466D95-BCCB-41AF-BFAC-9A192D7BBD7B}
		{A907E089-86E9-43A2-8A53-386F7CB63A45} = {97466D95-BCCB-41AF-BFAC-9A192D7BBD7B}
		{9EFA8E62-BACB-4663-B7EC-2C211EF52300} = {781B34D4-79A4-4BBA-91D4-A1FEC40E712B}
		{1D055151-B9DA-4C8B-BE25-A6C4B3D1C9A7} = {3EB13A0F-C0A9-4DE2-81F6-25E2C1C69C5F}
		{46445FC3-2586-41E0-9F66-75D75F557D39} = {1020AB49-40DA-428E-AA70-7C77F98A0231}
		{44D488D3-EEAF-4099-AE9C-C3800BE9A866} = {781B34D4-79A4-4BBA-91D4-A1FEC40E712B}
		{7B90D3FD-0D52-4AB6-A6C5-2B67EDD8EAC0} = {1020AB49-40DA-428E-AA70-7C77F98A0231}
		{F2885C8A-D234-4AE4-A563-5A6D6FAACCA7} = {781B34D4-79A4-4BBA-91D4-A1FEC40E712B}
		{2F5604FD-55BA-44BF-AC69-ACB17710FB55} = {1020AB49-40DA-428E-AA70-7C77F98A0231}
		{B0DD9254-9EBD-4809-8E59-EFD15F111070} = {315CE075-AC02-4ECB-B464-414DDC14575B}
		{680251B3-8E60-4F7A-8453-EE4AF142779D} = {6471DFE4-BDDB-4EB6-8D4A-235C9E398CF7}
		{E98A89F6-41B7-4113-B532-F5132373F2EA} = {6471DFE4-BDDB-4EB6-8D4A-235C9E398CF7}
		{4B917BF0-B4BC-4A9D-A5EC-1C29E5404197} = {6471DFE4-BDDB-4EB6-8D4A-235C9E398CF7}
	EndGlobalSection
	GlobalSection(ExtensibilityGlobals) = postSolution
		SolutionGuid = {17E34F5B-19A5-49F3-A636-C5B4754740CC}
	EndGlobalSection
EndGlobal
