
Microsoft Visual Studio Solution File, Format Version 12.00
# Visual Studio Version 16
VisualStudioVersion = 16.0.31205.134
MinimumVisualStudioVersion = 10.0.40219.1
Project("{2150E333-8FDC-42A3-9474-1A3956D46DE8}") = "FiltrosLentos", "FiltrosLentos", "{60E7E553-F179-4F94-83F6-EA08830DFAB8}"
EndProject
Project("{2150E333-8FDC-42A3-9474-1A3956D46DE8}") = "FiltrosRapidos", "FiltrosRapidos", "{CDD1F223-87C8-436A-92B7-A32AC177A2EE}"
EndProject
Project("{2150E333-8FDC-42A3-9474-1A3956D46DE8}") = "FiltrosLogicos", "FiltrosLogicos", "{CDBF289C-A018-4755-8CFB-3DEA1E74BABA}"
EndProject
Project("{FAE04EC0-301F-11D3-BF4B-00C04F79EFBC}") = "BoundingBoxContainsPoint", "BoundingBoxContainsPoint\BoundingBoxContainsPoint.csproj", "{7B8C2799-514F-4924-A910-73036C7AE1C6}"
EndProject
Project("{FAE04EC0-301F-11D3-BF4B-00C04F79EFBC}") = "BoundingBoxIntersects", "BoundingBoxIntersects\BoundingBoxIntersects.csproj", "{1DEAD045-7FCF-4C03-B248-9CCE956EE9EC}"
EndProject
Project("{FAE04EC0-301F-11D3-BF4B-00C04F79EFBC}") = "BoundingBoxIsInside", "BoundingBoxIsInside\BoundingBoxIsInside.csproj", "{CF7E9420-339D-4C22-A36C-F11F0A49E94E}"
EndProject
Project("{FAE04EC0-301F-11D3-BF4B-00C04F79EFBC}") = "ElementCategory", "ElementCategory\ElementCategory.csproj", "{9D241DB0-6377-4D4E-8D4F-C61585FC6EA0}"
EndProject
Project("{FAE04EC0-301F-11D3-BF4B-00C04F79EFBC}") = "ElementClass", "ElementClass\ElementClass.csproj", "{F4291BD7-15A2-4B53-ACB8-2A8B910000DF}"
EndProject
Project("{FAE04EC0-301F-11D3-BF4B-00C04F79EFBC}") = "ElementDesignOption", "ElementDesignOption\ElementDesignOption.csproj", "{D23C7EDB-8EB9-4B56-AFAD-C7FE07A9E0BD}"
EndProject
Project("{FAE04EC0-301F-11D3-BF4B-00C04F79EFBC}") = "ElementIdSet", "ElementIdSet\ElementIdSet.csproj", "{BEF3F11A-4E06-48CF-9139-BB7529F2106F}"
EndProject
Project("{FAE04EC0-301F-11D3-BF4B-00C04F79EFBC}") = "ElementIsCurveDriven", "ElementIsCurveDriven\ElementIsCurveDriven.csproj", "{AE632E03-EAA0-4D85-842D-CBA5882B4F2D}"
EndProject
Project("{FAE04EC0-301F-11D3-BF4B-00C04F79EFBC}") = "ElementMulticategory", "ElementMulticategory\ElementMulticategory.csproj", "{B8507A95-DB2E-4EDE-8616-7C7E2E9B1183}"
EndProject
Project("{FAE04EC0-301F-11D3-BF4B-00C04F79EFBC}") = "ElementOwnerView", "ElementOwnerView\ElementOwnerView.csproj", "{B314545A-B700-4CCD-86F7-011B46177982}"
EndProject
Project("{FAE04EC0-301F-11D3-BF4B-00C04F79EFBC}") = "ElementStructuralType", "ElementStructuralType\ElementStructuralType.csproj", "{F59E8347-2A96-4D3F-83DB-54D01632289C}"
EndProject
Project("{FAE04EC0-301F-11D3-BF4B-00C04F79EFBC}") = "ElementWorkset", "ElementWorkset\ElementWorkset.csproj", "{71765C9E-CF6A-4E53-A898-4A58932B8040}"
EndProject
Project("{FAE04EC0-301F-11D3-BF4B-00C04F79EFBC}") = "Exclusion", "Exclusion\Exclusion.csproj", "{AA549078-3820-4E44-B007-3DE45279C89C}"
EndProject
Project("{FAE04EC0-301F-11D3-BF4B-00C04F79EFBC}") = "ExtensibleStorage", "ExtensibleStorage\ExtensibleStorage.csproj", "{FB5293E6-D00B-4311-A621-970ABBB3D87B}"
EndProject
Project("{FAE04EC0-301F-11D3-BF4B-00C04F79EFBC}") = "FamilySymbolFiltro", "FamilySymbol\FamilySymbolFiltro.csproj", "{6AFA78BB-ABBD-4329-AFCE-BCCAEA33CA3A}"
EndProject
Project("{FAE04EC0-301F-11D3-BF4B-00C04F79EFBC}") = "VisibleInView", "VisibleInView\VisibleInView.csproj", "{FDFDE69A-791D-441F-AA62-E885146982B9}"
EndProject
Project("{FAE04EC0-301F-11D3-BF4B-00C04F79EFBC}") = "SlowRoomFilter", "SlowRoomFilter\SlowRoomFilter.csproj", "{32B7A42D-DEDA-4768-84FC-89DD60245ECB}"
EndProject
Project("{FAE04EC0-301F-11D3-BF4B-00C04F79EFBC}") = "SlowRoomTagFilter", "SlowRoomTagFilter\SlowRoomTagFilter.csproj", "{A8B5FE5A-E0F5-4C09-9326-5E7C628AB479}"
EndProject
Project("{FAE04EC0-301F-11D3-BF4B-00C04F79EFBC}") = "SlowAreaFilter", "SlowAreaFilter\SlowAreaFilter.csproj", "{7FE19C9D-BE41-4DF3-9CCC-2FB232FD06B7}"
EndProject
Project("{FAE04EC0-301F-11D3-BF4B-00C04F79EFBC}") = "SlowAreaTagFilter", "SlowAreaTagFilter\SlowAreaTagFilter.csproj", "{C0CAFE6C-E2EE-4C8E-9287-BEF04CD1BBA4}"
EndProject
Project("{FAE04EC0-301F-11D3-BF4B-00C04F79EFBC}") = "SlowCurveElementFilter", "SlowCurveElementFilter\SlowCurveElementFilter.csproj", "{EEA720D7-EA11-4049-841E-BA16F053F0E4}"
EndProject
Project("{FAE04EC0-301F-11D3-BF4B-00C04F79EFBC}") = "SlowElementIntersectsFilter", "SlowElementIntersectsElementFilter\SlowElementIntersectsFilter.csproj", "{F2B43DCB-F86F-4CD9-9C1A-C76773843BFF}"
EndProject
Project("{FAE04EC0-301F-11D3-BF4B-00C04F79EFBC}") = "SlowElementLevelFilter", "SlowElementLevelFilter\SlowElementLevelFilter.csproj", "{2311BED8-E382-43AD-AE2E-57206B988537}"
EndProject
Project("{FAE04EC0-301F-11D3-BF4B-00C04F79EFBC}") = "SlowElementParameter", "SlowElementParameter\SlowElementParameter.csproj", "{56153DCF-BC29-4E10-8D2E-305F76AF7687}"
EndProject
Project("{FAE04EC0-301F-11D3-BF4B-00C04F79EFBC}") = "SlowElementPhaseStatus", "SlowElementPhaseStatus\SlowElementPhaseStatus.csproj", "{3BD15462-67EA-4C31-9CA6-21B3094A36D6}"
EndProject
Project("{FAE04EC0-301F-11D3-BF4B-00C04F79EFBC}") = "SlowFamilyInstance", "SlowFamilyInstance\SlowFamilyInstance.csproj", "{1F210F3C-B1D1-4558-BB6C-A25F69121683}"
EndProject
Project("{FAE04EC0-301F-11D3-BF4B-00C04F79EFBC}") = "SlowSpaceFilter", "SlowSpaceFilter\SlowSpaceFilter.csproj", "{020055CB-AF43-44DE-A500-0EB1AE39A873}"
EndProject
Project("{FAE04EC0-301F-11D3-BF4B-00C04F79EFBC}") = "SlowPrimaryDesignOptionMember", "SlowPrimaryDesignOptionMember\SlowPrimaryDesignOptionMember.csproj", "{CAD2B9FA-A870-439C-9A90-C2E8FF180086}"
EndProject
Project("{FAE04EC0-301F-11D3-BF4B-00C04F79EFBC}") = "SlowFamilyStructuralMaterialType", "SlowFamilyStructuralMaterialType\SlowFamilyStructuralMaterialType.csproj", "{359BD0BC-FA88-41D0-B5A1-431E67429111}"
EndProject
Project("{FAE04EC0-301F-11D3-BF4B-00C04F79EFBC}") = "SlowStructuralInstanceUsage", "SlowStructuralInstanceUsage\SlowStructuralInstanceUsage.csproj", "{ACAE50E9-54FF-487B-B331-AF2064662FE9}"
EndProject
Project("{FAE04EC0-301F-11D3-BF4B-00C04F79EFBC}") = "SlowStructuralMaterialType", "SlowStructuralMaterialType\SlowStructuralMaterialType.csproj", "{EE243CF8-4BE2-42DB-94C1-A9BB2BA174D6}"
EndProject
Project("{FAE04EC0-301F-11D3-BF4B-00C04F79EFBC}") = "SlowStructuralWallUsage", "SlowStructuralWallUsage\SlowStructuralWallUsage.csproj", "{DEE05134-EE2C-453F-B5D0-62A011488C1B}"
EndProject
Project("{FAE04EC0-301F-11D3-BF4B-00C04F79EFBC}") = "SlowSelectableInView", "SlowSelectableInView\SlowSelectableInView.csproj", "{30813D02-BE81-4487-925F-6B4A4024D73F}"
EndProject
Project("{FAE04EC0-301F-11D3-BF4B-00C04F79EFBC}") = "LogicalAND", "LogicalAnd\LogicalAND.csproj", "{EC40D163-964E-4C5B-BD8F-19DB3C15EE0E}"
EndProject
Project("{FAE04EC0-301F-11D3-BF4B-00C04F79EFBC}") = "LogicalOR", "LogicalOR\LogicalOR.csproj", "{C1865B07-BF26-447E-87D8-CEBE39C6A059}"
EndProject
Project("{FAE04EC0-301F-11D3-BF4B-00C04F79EFBC}") = "ElementMultiClass", "ElementMultiClass\ElementMultiClass.csproj", "{7A9CACF8-F101-4A2F-80E4-17F4CBF06555}"
EndProject
Project("{FAE04EC0-301F-11D3-BF4B-00C04F79EFBC}") = "SlowSpaceTagFilter", "SlowSpaceTagFilter\SlowSpaceTagFilter.csproj", "{6CB6392C-B220-42CC-AC7D-AC314A6D11F3}"
EndProject
Project("{FAE04EC0-301F-11D3-BF4B-00C04F79EFBC}") = "SlowElementIntersectsSolidFilter", "SlowElementIntersectsSolidFilter\SlowElementIntersectsSolidFilter.csproj", "{FB0BE0B7-E07E-4792-B15B-27DA9685C198}"
EndProject
Project("{FAE04EC0-301F-11D3-BF4B-00C04F79EFBC}") = "ElementIsElementType", "ElementIsElementType\ElementIsElementType.csproj", "{8E1D84E6-699B-4138-B637-22D43A551D03}"
EndProject
Global
	GlobalSection(SolutionConfigurationPlatforms) = preSolution
		Debug|Any CPU = Debug|Any CPU
		Release|Any CPU = Release|Any CPU
	EndGlobalSection
	GlobalSection(ProjectConfigurationPlatforms) = postSolution
		{7B8C2799-514F-4924-A910-73036C7AE1C6}.Debug|Any CPU.ActiveCfg = Debug|Any CPU
		{7B8C2799-514F-4924-A910-73036C7AE1C6}.Debug|Any CPU.Build.0 = Debug|Any CPU
		{7B8C2799-514F-4924-A910-73036C7AE1C6}.Release|Any CPU.ActiveCfg = Release|Any CPU
		{7B8C2799-514F-4924-A910-73036C7AE1C6}.Release|Any CPU.Build.0 = Release|Any CPU
		{1DEAD045-7FCF-4C03-B248-9CCE956EE9EC}.Debug|Any CPU.ActiveCfg = Debug|Any CPU
		{1DEAD045-7FCF-4C03-B248-9CCE956EE9EC}.Debug|Any CPU.Build.0 = Debug|Any CPU
		{1DEAD045-7FCF-4C03-B248-9CCE956EE9EC}.Release|Any CPU.ActiveCfg = Release|Any CPU
		{1DEAD045-7FCF-4C03-B248-9CCE956EE9EC}.Release|Any CPU.Build.0 = Release|Any CPU
		{CF7E9420-339D-4C22-A36C-F11F0A49E94E}.Debug|Any CPU.ActiveCfg = Debug|Any CPU
		{CF7E9420-339D-4C22-A36C-F11F0A49E94E}.Debug|Any CPU.Build.0 = Debug|Any CPU
		{CF7E9420-339D-4C22-A36C-F11F0A49E94E}.Release|Any CPU.ActiveCfg = Release|Any CPU
		{CF7E9420-339D-4C22-A36C-F11F0A49E94E}.Release|Any CPU.Build.0 = Release|Any CPU
		{9D241DB0-6377-4D4E-8D4F-C61585FC6EA0}.Debug|Any CPU.ActiveCfg = Debug|Any CPU
		{9D241DB0-6377-4D4E-8D4F-C61585FC6EA0}.Debug|Any CPU.Build.0 = Debug|Any CPU
		{9D241DB0-6377-4D4E-8D4F-C61585FC6EA0}.Release|Any CPU.ActiveCfg = Release|Any CPU
		{9D241DB0-6377-4D4E-8D4F-C61585FC6EA0}.Release|Any CPU.Build.0 = Release|Any CPU
		{F4291BD7-15A2-4B53-ACB8-2A8B910000DF}.Debug|Any CPU.ActiveCfg = Debug|Any CPU
		{F4291BD7-15A2-4B53-ACB8-2A8B910000DF}.Debug|Any CPU.Build.0 = Debug|Any CPU
		{F4291BD7-15A2-4B53-ACB8-2A8B910000DF}.Release|Any CPU.ActiveCfg = Release|Any CPU
		{F4291BD7-15A2-4B53-ACB8-2A8B910000DF}.Release|Any CPU.Build.0 = Release|Any CPU
		{D23C7EDB-8EB9-4B56-AFAD-C7FE07A9E0BD}.Debug|Any CPU.ActiveCfg = Debug|Any CPU
		{D23C7EDB-8EB9-4B56-AFAD-C7FE07A9E0BD}.Debug|Any CPU.Build.0 = Debug|Any CPU
		{D23C7EDB-8EB9-4B56-AFAD-C7FE07A9E0BD}.Release|Any CPU.ActiveCfg = Release|Any CPU
		{D23C7EDB-8EB9-4B56-AFAD-C7FE07A9E0BD}.Release|Any CPU.Build.0 = Release|Any CPU
		{BEF3F11A-4E06-48CF-9139-BB7529F2106F}.Debug|Any CPU.ActiveCfg = Debug|Any CPU
		{BEF3F11A-4E06-48CF-9139-BB7529F2106F}.Debug|Any CPU.Build.0 = Debug|Any CPU
		{BEF3F11A-4E06-48CF-9139-BB7529F2106F}.Release|Any CPU.ActiveCfg = Release|Any CPU
		{BEF3F11A-4E06-48CF-9139-BB7529F2106F}.Release|Any CPU.Build.0 = Release|Any CPU
		{AE632E03-EAA0-4D85-842D-CBA5882B4F2D}.Debug|Any CPU.ActiveCfg = Debug|Any CPU
		{AE632E03-EAA0-4D85-842D-CBA5882B4F2D}.Debug|Any CPU.Build.0 = Debug|Any CPU
		{AE632E03-EAA0-4D85-842D-CBA5882B4F2D}.Release|Any CPU.ActiveCfg = Release|Any CPU
		{AE632E03-EAA0-4D85-842D-CBA5882B4F2D}.Release|Any CPU.Build.0 = Release|Any CPU
		{B8507A95-DB2E-4EDE-8616-7C7E2E9B1183}.Debug|Any CPU.ActiveCfg = Debug|Any CPU
		{B8507A95-DB2E-4EDE-8616-7C7E2E9B1183}.Debug|Any CPU.Build.0 = Debug|Any CPU
		{B8507A95-DB2E-4EDE-8616-7C7E2E9B1183}.Release|Any CPU.ActiveCfg = Release|Any CPU
		{B8507A95-DB2E-4EDE-8616-7C7E2E9B1183}.Release|Any CPU.Build.0 = Release|Any CPU
		{B314545A-B700-4CCD-86F7-011B46177982}.Debug|Any CPU.ActiveCfg = Debug|Any CPU
		{B314545A-B700-4CCD-86F7-011B46177982}.Debug|Any CPU.Build.0 = Debug|Any CPU
		{B314545A-B700-4CCD-86F7-011B46177982}.Release|Any CPU.ActiveCfg = Release|Any CPU
		{B314545A-B700-4CCD-86F7-011B46177982}.Release|Any CPU.Build.0 = Release|Any CPU
		{F59E8347-2A96-4D3F-83DB-54D01632289C}.Debug|Any CPU.ActiveCfg = Debug|Any CPU
		{F59E8347-2A96-4D3F-83DB-54D01632289C}.Debug|Any CPU.Build.0 = Debug|Any CPU
		{F59E8347-2A96-4D3F-83DB-54D01632289C}.Release|Any CPU.ActiveCfg = Release|Any CPU
		{F59E8347-2A96-4D3F-83DB-54D01632289C}.Release|Any CPU.Build.0 = Release|Any CPU
		{71765C9E-CF6A-4E53-A898-4A58932B8040}.Debug|Any CPU.ActiveCfg = Debug|Any CPU
		{71765C9E-CF6A-4E53-A898-4A58932B8040}.Debug|Any CPU.Build.0 = Debug|Any CPU
		{71765C9E-CF6A-4E53-A898-4A58932B8040}.Release|Any CPU.ActiveCfg = Release|Any CPU
		{71765C9E-CF6A-4E53-A898-4A58932B8040}.Release|Any CPU.Build.0 = Release|Any CPU
		{AA549078-3820-4E44-B007-3DE45279C89C}.Debug|Any CPU.ActiveCfg = Debug|Any CPU
		{AA549078-3820-4E44-B007-3DE45279C89C}.Debug|Any CPU.Build.0 = Debug|Any CPU
		{AA549078-3820-4E44-B007-3DE45279C89C}.Release|Any CPU.ActiveCfg = Release|Any CPU
		{AA549078-3820-4E44-B007-3DE45279C89C}.Release|Any CPU.Build.0 = Release|Any CPU
		{FB5293E6-D00B-4311-A621-970ABBB3D87B}.Debug|Any CPU.ActiveCfg = Debug|Any CPU
		{FB5293E6-D00B-4311-A621-970ABBB3D87B}.Debug|Any CPU.Build.0 = Debug|Any CPU
		{FB5293E6-D00B-4311-A621-970ABBB3D87B}.Release|Any CPU.ActiveCfg = Release|Any CPU
		{FB5293E6-D00B-4311-A621-970ABBB3D87B}.Release|Any CPU.Build.0 = Release|Any CPU
		{6AFA78BB-ABBD-4329-AFCE-BCCAEA33CA3A}.Debug|Any CPU.ActiveCfg = Debug|Any CPU
		{6AFA78BB-ABBD-4329-AFCE-BCCAEA33CA3A}.Debug|Any CPU.Build.0 = Debug|Any CPU
		{6AFA78BB-ABBD-4329-AFCE-BCCAEA33CA3A}.Release|Any CPU.ActiveCfg = Release|Any CPU
		{6AFA78BB-ABBD-4329-AFCE-BCCAEA33CA3A}.Release|Any CPU.Build.0 = Release|Any CPU
		{FDFDE69A-791D-441F-AA62-E885146982B9}.Debug|Any CPU.ActiveCfg = Debug|Any CPU
		{FDFDE69A-791D-441F-AA62-E885146982B9}.Debug|Any CPU.Build.0 = Debug|Any CPU
		{FDFDE69A-791D-441F-AA62-E885146982B9}.Release|Any CPU.ActiveCfg = Release|Any CPU
		{FDFDE69A-791D-441F-AA62-E885146982B9}.Release|Any CPU.Build.0 = Release|Any CPU
		{32B7A42D-DEDA-4768-84FC-89DD60245ECB}.Debug|Any CPU.ActiveCfg = Debug|Any CPU
		{32B7A42D-DEDA-4768-84FC-89DD60245ECB}.Debug|Any CPU.Build.0 = Debug|Any CPU
		{32B7A42D-DEDA-4768-84FC-89DD60245ECB}.Release|Any CPU.ActiveCfg = Release|Any CPU
		{32B7A42D-DEDA-4768-84FC-89DD60245ECB}.Release|Any CPU.Build.0 = Release|Any CPU
		{A8B5FE5A-E0F5-4C09-9326-5E7C628AB479}.Debug|Any CPU.ActiveCfg = Debug|Any CPU
		{A8B5FE5A-E0F5-4C09-9326-5E7C628AB479}.Debug|Any CPU.Build.0 = Debug|Any CPU
		{A8B5FE5A-E0F5-4C09-9326-5E7C628AB479}.Release|Any CPU.ActiveCfg = Release|Any CPU
		{A8B5FE5A-E0F5-4C09-9326-5E7C628AB479}.Release|Any CPU.Build.0 = Release|Any CPU
		{7FE19C9D-BE41-4DF3-9CCC-2FB232FD06B7}.Debug|Any CPU.ActiveCfg = Debug|Any CPU
		{7FE19C9D-BE41-4DF3-9CCC-2FB232FD06B7}.Debug|Any CPU.Build.0 = Debug|Any CPU
		{7FE19C9D-BE41-4DF3-9CCC-2FB232FD06B7}.Release|Any CPU.ActiveCfg = Release|Any CPU
		{7FE19C9D-BE41-4DF3-9CCC-2FB232FD06B7}.Release|Any CPU.Build.0 = Release|Any CPU
		{C0CAFE6C-E2EE-4C8E-9287-BEF04CD1BBA4}.Debug|Any CPU.ActiveCfg = Debug|Any CPU
		{C0CAFE6C-E2EE-4C8E-9287-BEF04CD1BBA4}.Debug|Any CPU.Build.0 = Debug|Any CPU
		{C0CAFE6C-E2EE-4C8E-9287-BEF04CD1BBA4}.Release|Any CPU.ActiveCfg = Release|Any CPU
		{C0CAFE6C-E2EE-4C8E-9287-BEF04CD1BBA4}.Release|Any CPU.Build.0 = Release|Any CPU
		{EEA720D7-EA11-4049-841E-BA16F053F0E4}.Debug|Any CPU.ActiveCfg = Debug|Any CPU
		{EEA720D7-EA11-4049-841E-BA16F053F0E4}.Debug|Any CPU.Build.0 = Debug|Any CPU
		{EEA720D7-EA11-4049-841E-BA16F053F0E4}.Release|Any CPU.ActiveCfg = Release|Any CPU
		{EEA720D7-EA11-4049-841E-BA16F053F0E4}.Release|Any CPU.Build.0 = Release|Any CPU
		{F2B43DCB-F86F-4CD9-9C1A-C76773843BFF}.Debug|Any CPU.ActiveCfg = Debug|Any CPU
		{F2B43DCB-F86F-4CD9-9C1A-C76773843BFF}.Debug|Any CPU.Build.0 = Debug|Any CPU
		{F2B43DCB-F86F-4CD9-9C1A-C76773843BFF}.Release|Any CPU.ActiveCfg = Release|Any CPU
		{F2B43DCB-F86F-4CD9-9C1A-C76773843BFF}.Release|Any CPU.Build.0 = Release|Any CPU
		{2311BED8-E382-43AD-AE2E-57206B988537}.Debug|Any CPU.ActiveCfg = Debug|Any CPU
		{2311BED8-E382-43AD-AE2E-57206B988537}.Debug|Any CPU.Build.0 = Debug|Any CPU
		{2311BED8-E382-43AD-AE2E-57206B988537}.Release|Any CPU.ActiveCfg = Release|Any CPU
		{2311BED8-E382-43AD-AE2E-57206B988537}.Release|Any CPU.Build.0 = Release|Any CPU
		{56153DCF-BC29-4E10-8D2E-305F76AF7687}.Debug|Any CPU.ActiveCfg = Debug|Any CPU
		{56153DCF-BC29-4E10-8D2E-305F76AF7687}.Debug|Any CPU.Build.0 = Debug|Any CPU
		{56153DCF-BC29-4E10-8D2E-305F76AF7687}.Release|Any CPU.ActiveCfg = Release|Any CPU
		{56153DCF-BC29-4E10-8D2E-305F76AF7687}.Release|Any CPU.Build.0 = Release|Any CPU
		{3BD15462-67EA-4C31-9CA6-21B3094A36D6}.Debug|Any CPU.ActiveCfg = Debug|Any CPU
		{3BD15462-67EA-4C31-9CA6-21B3094A36D6}.Debug|Any CPU.Build.0 = Debug|Any CPU
		{3BD15462-67EA-4C31-9CA6-21B3094A36D6}.Release|Any CPU.ActiveCfg = Release|Any CPU
		{3BD15462-67EA-4C31-9CA6-21B3094A36D6}.Release|Any CPU.Build.0 = Release|Any CPU
		{1F210F3C-B1D1-4558-BB6C-A25F69121683}.Debug|Any CPU.ActiveCfg = Debug|Any CPU
		{1F210F3C-B1D1-4558-BB6C-A25F69121683}.Debug|Any CPU.Build.0 = Debug|Any CPU
		{1F210F3C-B1D1-4558-BB6C-A25F69121683}.Release|Any CPU.ActiveCfg = Release|Any CPU
		{1F210F3C-B1D1-4558-BB6C-A25F69121683}.Release|Any CPU.Build.0 = Release|Any CPU
		{020055CB-AF43-44DE-A500-0EB1AE39A873}.Debug|Any CPU.ActiveCfg = Debug|Any CPU
		{020055CB-AF43-44DE-A500-0EB1AE39A873}.Debug|Any CPU.Build.0 = Debug|Any CPU
		{020055CB-AF43-44DE-A500-0EB1AE39A873}.Release|Any CPU.ActiveCfg = Release|Any CPU
		{020055CB-AF43-44DE-A500-0EB1AE39A873}.Release|Any CPU.Build.0 = Release|Any CPU
		{CAD2B9FA-A870-439C-9A90-C2E8FF180086}.Debug|Any CPU.ActiveCfg = Debug|Any CPU
		{CAD2B9FA-A870-439C-9A90-C2E8FF180086}.Debug|Any CPU.Build.0 = Debug|Any CPU
		{CAD2B9FA-A870-439C-9A90-C2E8FF180086}.Release|Any CPU.ActiveCfg = Release|Any CPU
		{CAD2B9FA-A870-439C-9A90-C2E8FF180086}.Release|Any CPU.Build.0 = Release|Any CPU
		{359BD0BC-FA88-41D0-B5A1-431E67429111}.Debug|Any CPU.ActiveCfg = Debug|Any CPU
		{359BD0BC-FA88-41D0-B5A1-431E67429111}.Debug|Any CPU.Build.0 = Debug|Any CPU
		{359BD0BC-FA88-41D0-B5A1-431E67429111}.Release|Any CPU.ActiveCfg = Release|Any CPU
		{359BD0BC-FA88-41D0-B5A1-431E67429111}.Release|Any CPU.Build.0 = Release|Any CPU
		{ACAE50E9-54FF-487B-B331-AF2064662FE9}.Debug|Any CPU.ActiveCfg = Debug|Any CPU
		{ACAE50E9-54FF-487B-B331-AF2064662FE9}.Debug|Any CPU.Build.0 = Debug|Any CPU
		{ACAE50E9-54FF-487B-B331-AF2064662FE9}.Release|Any CPU.ActiveCfg = Release|Any CPU
		{ACAE50E9-54FF-487B-B331-AF2064662FE9}.Release|Any CPU.Build.0 = Release|Any CPU
		{EE243CF8-4BE2-42DB-94C1-A9BB2BA174D6}.Debug|Any CPU.ActiveCfg = Debug|Any CPU
		{EE243CF8-4BE2-42DB-94C1-A9BB2BA174D6}.Debug|Any CPU.Build.0 = Debug|Any CPU
		{EE243CF8-4BE2-42DB-94C1-A9BB2BA174D6}.Release|Any CPU.ActiveCfg = Release|Any CPU
		{EE243CF8-4BE2-42DB-94C1-A9BB2BA174D6}.Release|Any CPU.Build.0 = Release|Any CPU
		{DEE05134-EE2C-453F-B5D0-62A011488C1B}.Debug|Any CPU.ActiveCfg = Debug|Any CPU
		{DEE05134-EE2C-453F-B5D0-62A011488C1B}.Debug|Any CPU.Build.0 = Debug|Any CPU
		{DEE05134-EE2C-453F-B5D0-62A011488C1B}.Release|Any CPU.ActiveCfg = Release|Any CPU
		{DEE05134-EE2C-453F-B5D0-62A011488C1B}.Release|Any CPU.Build.0 = Release|Any CPU
		{30813D02-BE81-4487-925F-6B4A4024D73F}.Debug|Any CPU.ActiveCfg = Debug|Any CPU
		{30813D02-BE81-4487-925F-6B4A4024D73F}.Debug|Any CPU.Build.0 = Debug|Any CPU
		{30813D02-BE81-4487-925F-6B4A4024D73F}.Release|Any CPU.ActiveCfg = Release|Any CPU
		{30813D02-BE81-4487-925F-6B4A4024D73F}.Release|Any CPU.Build.0 = Release|Any CPU
		{EC40D163-964E-4C5B-BD8F-19DB3C15EE0E}.Debug|Any CPU.ActiveCfg = Debug|Any CPU
		{EC40D163-964E-4C5B-BD8F-19DB3C15EE0E}.Debug|Any CPU.Build.0 = Debug|Any CPU
		{EC40D163-964E-4C5B-BD8F-19DB3C15EE0E}.Release|Any CPU.ActiveCfg = Release|Any CPU
		{EC40D163-964E-4C5B-BD8F-19DB3C15EE0E}.Release|Any CPU.Build.0 = Release|Any CPU
		{C1865B07-BF26-447E-87D8-CEBE39C6A059}.Debug|Any CPU.ActiveCfg = Debug|Any CPU
		{C1865B07-BF26-447E-87D8-CEBE39C6A059}.Debug|Any CPU.Build.0 = Debug|Any CPU
		{C1865B07-BF26-447E-87D8-CEBE39C6A059}.Release|Any CPU.ActiveCfg = Release|Any CPU
		{C1865B07-BF26-447E-87D8-CEBE39C6A059}.Release|Any CPU.Build.0 = Release|Any CPU
		{7A9CACF8-F101-4A2F-80E4-17F4CBF06555}.Debug|Any CPU.ActiveCfg = Debug|Any CPU
		{7A9CACF8-F101-4A2F-80E4-17F4CBF06555}.Debug|Any CPU.Build.0 = Debug|Any CPU
		{7A9CACF8-F101-4A2F-80E4-17F4CBF06555}.Release|Any CPU.ActiveCfg = Release|Any CPU
		{7A9CACF8-F101-4A2F-80E4-17F4CBF06555}.Release|Any CPU.Build.0 = Release|Any CPU
		{6CB6392C-B220-42CC-AC7D-AC314A6D11F3}.Debug|Any CPU.ActiveCfg = Debug|Any CPU
		{6CB6392C-B220-42CC-AC7D-AC314A6D11F3}.Debug|Any CPU.Build.0 = Debug|Any CPU
		{6CB6392C-B220-42CC-AC7D-AC314A6D11F3}.Release|Any CPU.ActiveCfg = Release|Any CPU
		{6CB6392C-B220-42CC-AC7D-AC314A6D11F3}.Release|Any CPU.Build.0 = Release|Any CPU
		{FB0BE0B7-E07E-4792-B15B-27DA9685C198}.Debug|Any CPU.ActiveCfg = Debug|Any CPU
		{FB0BE0B7-E07E-4792-B15B-27DA9685C198}.Debug|Any CPU.Build.0 = Debug|Any CPU
		{FB0BE0B7-E07E-4792-B15B-27DA9685C198}.Release|Any CPU.ActiveCfg = Release|Any CPU
		{FB0BE0B7-E07E-4792-B15B-27DA9685C198}.Release|Any CPU.Build.0 = Release|Any CPU
		{8E1D84E6-699B-4138-B637-22D43A551D03}.Debug|Any CPU.ActiveCfg = Debug|Any CPU
		{8E1D84E6-699B-4138-B637-22D43A551D03}.Debug|Any CPU.Build.0 = Debug|Any CPU
		{8E1D84E6-699B-4138-B637-22D43A551D03}.Release|Any CPU.ActiveCfg = Release|Any CPU
		{8E1D84E6-699B-4138-B637-22D43A551D03}.Release|Any CPU.Build.0 = Release|Any CPU
	EndGlobalSection
	GlobalSection(SolutionProperties) = preSolution
		HideSolutionNode = FALSE
	EndGlobalSection
	GlobalSection(NestedProjects) = preSolution
		{7B8C2799-514F-4924-A910-73036C7AE1C6} = {CDD1F223-87C8-436A-92B7-A32AC177A2EE}
		{1DEAD045-7FCF-4C03-B248-9CCE956EE9EC} = {CDD1F223-87C8-436A-92B7-A32AC177A2EE}
		{CF7E9420-339D-4C22-A36C-F11F0A49E94E} = {CDD1F223-87C8-436A-92B7-A32AC177A2EE}
		{9D241DB0-6377-4D4E-8D4F-C61585FC6EA0} = {CDD1F223-87C8-436A-92B7-A32AC177A2EE}
		{F4291BD7-15A2-4B53-ACB8-2A8B910000DF} = {CDD1F223-87C8-436A-92B7-A32AC177A2EE}
		{D23C7EDB-8EB9-4B56-AFAD-C7FE07A9E0BD} = {CDD1F223-87C8-436A-92B7-A32AC177A2EE}
		{BEF3F11A-4E06-48CF-9139-BB7529F2106F} = {CDD1F223-87C8-436A-92B7-A32AC177A2EE}
		{AE632E03-EAA0-4D85-842D-CBA5882B4F2D} = {CDD1F223-87C8-436A-92B7-A32AC177A2EE}
		{B8507A95-DB2E-4EDE-8616-7C7E2E9B1183} = {CDD1F223-87C8-436A-92B7-A32AC177A2EE}
		{B314545A-B700-4CCD-86F7-011B46177982} = {CDD1F223-87C8-436A-92B7-A32AC177A2EE}
		{F59E8347-2A96-4D3F-83DB-54D01632289C} = {CDD1F223-87C8-436A-92B7-A32AC177A2EE}
		{71765C9E-CF6A-4E53-A898-4A58932B8040} = {CDD1F223-87C8-436A-92B7-A32AC177A2EE}
		{AA549078-3820-4E44-B007-3DE45279C89C} = {CDD1F223-87C8-436A-92B7-A32AC177A2EE}
		{FB5293E6-D00B-4311-A621-970ABBB3D87B} = {CDD1F223-87C8-436A-92B7-A32AC177A2EE}
		{6AFA78BB-ABBD-4329-AFCE-BCCAEA33CA3A} = {CDD1F223-87C8-436A-92B7-A32AC177A2EE}
		{FDFDE69A-791D-441F-AA62-E885146982B9} = {CDD1F223-87C8-436A-92B7-A32AC177A2EE}
		{32B7A42D-DEDA-4768-84FC-89DD60245ECB} = {60E7E553-F179-4F94-83F6-EA08830DFAB8}
		{A8B5FE5A-E0F5-4C09-9326-5E7C628AB479} = {60E7E553-F179-4F94-83F6-EA08830DFAB8}
		{7FE19C9D-BE41-4DF3-9CCC-2FB232FD06B7} = {60E7E553-F179-4F94-83F6-EA08830DFAB8}
		{C0CAFE6C-E2EE-4C8E-9287-BEF04CD1BBA4} = {60E7E553-F179-4F94-83F6-EA08830DFAB8}
		{EEA720D7-EA11-4049-841E-BA16F053F0E4} = {60E7E553-F179-4F94-83F6-EA08830DFAB8}
		{F2B43DCB-F86F-4CD9-9C1A-C76773843BFF} = {60E7E553-F179-4F94-83F6-EA08830DFAB8}
		{2311BED8-E382-43AD-AE2E-57206B988537} = {60E7E553-F179-4F94-83F6-EA08830DFAB8}
		{56153DCF-BC29-4E10-8D2E-305F76AF7687} = {60E7E553-F179-4F94-83F6-EA08830DFAB8}
		{3BD15462-67EA-4C31-9CA6-21B3094A36D6} = {60E7E553-F179-4F94-83F6-EA08830DFAB8}
		{1F210F3C-B1D1-4558-BB6C-A25F69121683} = {60E7E553-F179-4F94-83F6-EA08830DFAB8}
		{020055CB-AF43-44DE-A500-0EB1AE39A873} = {60E7E553-F179-4F94-83F6-EA08830DFAB8}
		{CAD2B9FA-A870-439C-9A90-C2E8FF180086} = {60E7E553-F179-4F94-83F6-EA08830DFAB8}
		{359BD0BC-FA88-41D0-B5A1-431E67429111} = {60E7E553-F179-4F94-83F6-EA08830DFAB8}
		{ACAE50E9-54FF-487B-B331-AF2064662FE9} = {60E7E553-F179-4F94-83F6-EA08830DFAB8}
		{EE243CF8-4BE2-42DB-94C1-A9BB2BA174D6} = {60E7E553-F179-4F94-83F6-EA08830DFAB8}
		{DEE05134-EE2C-453F-B5D0-62A011488C1B} = {60E7E553-F179-4F94-83F6-EA08830DFAB8}
		{30813D02-BE81-4487-925F-6B4A4024D73F} = {60E7E553-F179-4F94-83F6-EA08830DFAB8}
		{EC40D163-964E-4C5B-BD8F-19DB3C15EE0E} = {CDBF289C-A018-4755-8CFB-3DEA1E74BABA}
		{C1865B07-BF26-447E-87D8-CEBE39C6A059} = {CDBF289C-A018-4755-8CFB-3DEA1E74BABA}
		{7A9CACF8-F101-4A2F-80E4-17F4CBF06555} = {CDD1F223-87C8-436A-92B7-A32AC177A2EE}
		{6CB6392C-B220-42CC-AC7D-AC314A6D11F3} = {60E7E553-F179-4F94-83F6-EA08830DFAB8}
		{FB0BE0B7-E07E-4792-B15B-27DA9685C198} = {60E7E553-F179-4F94-83F6-EA08830DFAB8}
		{8E1D84E6-699B-4138-B637-22D43A551D03} = {CDD1F223-87C8-436A-92B7-A32AC177A2EE}
	EndGlobalSection
	GlobalSection(ExtensibilityGlobals) = postSolution
		SolutionGuid = {81D6EEC5-4F77-45F5-BABB-8183F4ABC700}
	EndGlobalSection
EndGlobal
