
Microsoft Visual Studio Solution File, Format Version 12.00
# Visual Studio Version 16
VisualStudioVersion = 16.0.30204.135
MinimumVisualStudioVersion = 10.0.40219.1
Project("{FAE04EC0-301F-11D3-BF4B-00C04F79EFBC}") = "ConstruirFamiliaPilar", "ConstruirFamiliaPilar\ConstruirFamiliaPilar.csproj", "{24407AD9-B18D-49B4-B2E3-4C39AA838549}"
EndProject
Project("{FAE04EC0-301F-11D3-BF4B-00C04F79EFBC}") = "ObtenerFamilyType", "ObtenerFamilyType\ObtenerFamilyType.csproj", "{6F873BFE-77F3-4A9F-A7D4-206B53B982A9}"
EndProject
Project("{FAE04EC0-301F-11D3-BF4B-00C04F79EFBC}") = "EditarTiposDesdeProyecto", "EditarTiposDesdeProyecto\EditarTiposDesdeProyecto.csproj", "{500F6A95-2410-4FC2-9D84-85BBA456D049}"
EndProject
Global
	GlobalSection(SolutionConfigurationPlatforms) = preSolution
		Debug|Any CPU = Debug|Any CPU
		Release|Any CPU = Release|Any CPU
	EndGlobalSection
	GlobalSection(ProjectConfigurationPlatforms) = postSolution
		{24407AD9-B18D-49B4-B2E3-4C39AA838549}.Debug|Any CPU.ActiveCfg = Debug|Any CPU
		{24407AD9-B18D-49B4-B2E3-4C39AA838549}.Debug|Any CPU.Build.0 = Debug|Any CPU
		{24407AD9-B18D-49B4-B2E3-4C39AA838549}.Release|Any CPU.ActiveCfg = Release|Any CPU
		{24407AD9-B18D-49B4-B2E3-4C39AA838549}.Release|Any CPU.Build.0 = Release|Any CPU
		{6F873BFE-77F3-4A9F-A7D4-206B53B982A9}.Debug|Any CPU.ActiveCfg = Debug|Any CPU
		{6F873BFE-77F3-4A9F-A7D4-206B53B982A9}.Debug|Any CPU.Build.0 = Debug|Any CPU
		{6F873BFE-77F3-4A9F-A7D4-206B53B982A9}.Release|Any CPU.ActiveCfg = Release|Any CPU
		{6F873BFE-77F3-4A9F-A7D4-206B53B982A9}.Release|Any CPU.Build.0 = Release|Any CPU
		{500F6A95-2410-4FC2-9D84-85BBA456D049}.Debug|Any CPU.ActiveCfg = Debug|Any CPU
		{500F6A95-2410-4FC2-9D84-85BBA456D049}.Debug|Any CPU.Build.0 = Debug|Any CPU
		{500F6A95-2410-4FC2-9D84-85BBA456D049}.Release|Any CPU.ActiveCfg = Release|Any CPU
		{500F6A95-2410-4FC2-9D84-85BBA456D049}.Release|Any CPU.Build.0 = Release|Any CPU
	EndGlobalSection
	GlobalSection(SolutionProperties) = preSolution
		HideSolutionNode = FALSE
	EndGlobalSection
	GlobalSection(ExtensibilityGlobals) = postSolution
		SolutionGuid = {3B531B79-1207-4404-A0E0-DA4B7F379FCC}
	EndGlobalSection
EndGlobal
