
Microsoft Visual Studio Solution File, Format Version 12.00
# Visual Studio Version 16
VisualStudioVersion = 16.0.31205.134
MinimumVisualStudioVersion = 10.0.40219.1
Project("{FAE04EC0-301F-11D3-BF4B-00C04F79EFBC}") = "TestCommand", "TestCommand\TestCommand.csproj", "{AFB6DF0A-542A-49F9-9F30-F2C86F1E4892}"
EndProject
Project("{FAE04EC0-301F-11D3-BF4B-00C04F79EFBC}") = "OperacionesBasicas", "OperacionesBasicas\OperacionesBasicas.csproj", "{067FD8E9-A813-402C-8AF8-4D52434CB01A}"
EndProject
Project("{FAE04EC0-301F-11D3-BF4B-00C04F79EFBC}") = "ObtenerLocation", "ObtenerLocation\ObtenerLocation.csproj", "{CBDA0ADD-A1E6-438B-B167-DEB1A67203DF}"
EndProject
Global
	GlobalSection(SolutionConfigurationPlatforms) = preSolution
		Debug|Any CPU = Debug|Any CPU
		Release|Any CPU = Release|Any CPU
	EndGlobalSection
	GlobalSection(ProjectConfigurationPlatforms) = postSolution
		{AFB6DF0A-542A-49F9-9F30-F2C86F1E4892}.Debug|Any CPU.ActiveCfg = Debug|Any CPU
		{AFB6DF0A-542A-49F9-9F30-F2C86F1E4892}.Debug|Any CPU.Build.0 = Debug|Any CPU
		{AFB6DF0A-542A-49F9-9F30-F2C86F1E4892}.Release|Any CPU.ActiveCfg = Release|Any CPU
		{AFB6DF0A-542A-49F9-9F30-F2C86F1E4892}.Release|Any CPU.Build.0 = Release|Any CPU
		{067FD8E9-A813-402C-8AF8-4D52434CB01A}.Debug|Any CPU.ActiveCfg = Debug|Any CPU
		{067FD8E9-A813-402C-8AF8-4D52434CB01A}.Debug|Any CPU.Build.0 = Debug|Any CPU
		{067FD8E9-A813-402C-8AF8-4D52434CB01A}.Release|Any CPU.ActiveCfg = Release|Any CPU
		{067FD8E9-A813-402C-8AF8-4D52434CB01A}.Release|Any CPU.Build.0 = Release|Any CPU
		{CBDA0ADD-A1E6-438B-B167-DEB1A67203DF}.Debug|Any CPU.ActiveCfg = Debug|Any CPU
		{CBDA0ADD-A1E6-438B-B167-DEB1A67203DF}.Debug|Any CPU.Build.0 = Debug|Any CPU
		{CBDA0ADD-A1E6-438B-B167-DEB1A67203DF}.Release|Any CPU.ActiveCfg = Release|Any CPU
		{CBDA0ADD-A1E6-438B-B167-DEB1A67203DF}.Release|Any CPU.Build.0 = Release|Any CPU
	EndGlobalSection
	GlobalSection(SolutionProperties) = preSolution
		HideSolutionNode = FALSE
	EndGlobalSection
	GlobalSection(ExtensibilityGlobals) = postSolution
		SolutionGuid = {C47E12C1-56DA-4CED-8AEE-9E0044A61E5C}
	EndGlobalSection
EndGlobal
