
Microsoft Visual Studio Solution File, Format Version 12.00
# Visual Studio Version 16
VisualStudioVersion = 16.0.31624.102
MinimumVisualStudioVersion = 10.0.40219.1
Project("{FAE04EC0-301F-11D3-BF4B-00C04F79EFBC}") = "PublicarFallo", "PublicarFallo\PublicarFallo.csproj", "{D484DE52-F555-429C-99F7-1343A1DB3618}"
EndProject
Project("{FAE04EC0-301F-11D3-BF4B-00C04F79EFBC}") = "GestionTransaction", "GestionTransaction\GestionTransaction.csproj", "{53BE5B0E-B43D-457F-B859-6807B658334D}"
EndProject
Project("{FAE04EC0-301F-11D3-BF4B-00C04F79EFBC}") = "GestionApplication", "GestionApplication\GestionApplication.csproj", "{DBF2E334-1FA8-4E27-B500-69A31ED22AEF}"
EndProject
Global
	GlobalSection(SolutionConfigurationPlatforms) = preSolution
		Debug|Any CPU = Debug|Any CPU
		Release|Any CPU = Release|Any CPU
	EndGlobalSection
	GlobalSection(ProjectConfigurationPlatforms) = postSolution
		{D484DE52-F555-429C-99F7-1343A1DB3618}.Debug|Any CPU.ActiveCfg = Debug|Any CPU
		{D484DE52-F555-429C-99F7-1343A1DB3618}.Debug|Any CPU.Build.0 = Debug|Any CPU
		{D484DE52-F555-429C-99F7-1343A1DB3618}.Release|Any CPU.ActiveCfg = Release|Any CPU
		{D484DE52-F555-429C-99F7-1343A1DB3618}.Release|Any CPU.Build.0 = Release|Any CPU
		{53BE5B0E-B43D-457F-B859-6807B658334D}.Debug|Any CPU.ActiveCfg = Debug|Any CPU
		{53BE5B0E-B43D-457F-B859-6807B658334D}.Debug|Any CPU.Build.0 = Debug|Any CPU
		{53BE5B0E-B43D-457F-B859-6807B658334D}.Release|Any CPU.ActiveCfg = Release|Any CPU
		{53BE5B0E-B43D-457F-B859-6807B658334D}.Release|Any CPU.Build.0 = Release|Any CPU
		{DBF2E334-1FA8-4E27-B500-69A31ED22AEF}.Debug|Any CPU.ActiveCfg = Debug|Any CPU
		{DBF2E334-1FA8-4E27-B500-69A31ED22AEF}.Debug|Any CPU.Build.0 = Debug|Any CPU
		{DBF2E334-1FA8-4E27-B500-69A31ED22AEF}.Release|Any CPU.ActiveCfg = Release|Any CPU
		{DBF2E334-1FA8-4E27-B500-69A31ED22AEF}.Release|Any CPU.Build.0 = Release|Any CPU
	EndGlobalSection
	GlobalSection(SolutionProperties) = preSolution
		HideSolutionNode = FALSE
	EndGlobalSection
	GlobalSection(ExtensibilityGlobals) = postSolution
		SolutionGuid = {49BAEF9C-DF16-4690-9D88-3115C332A3E3}
	EndGlobalSection
EndGlobal
