
Microsoft Visual Studio Solution File, Format Version 12.00
# Visual Studio Version 16
VisualStudioVersion = 16.0.31515.178
MinimumVisualStudioVersion = 10.0.40219.1
Project("{FAE04EC0-301F-11D3-BF4B-00C04F79EFBC}") = "Ribbon", "Ribbon\Ribbon.csproj", "{4116259D-437B-4835-87F5-8BAF9659E5D2}"
EndProject
Global
	GlobalSection(SolutionConfigurationPlatforms) = preSolution
		Debug|Any CPU = Debug|Any CPU
		Release|Any CPU = Release|Any CPU
	EndGlobalSection
	GlobalSection(ProjectConfigurationPlatforms) = postSolution
		{4116259D-437B-4835-87F5-8BAF9659E5D2}.Debug|Any CPU.ActiveCfg = Debug|Any CPU
		{4116259D-437B-4835-87F5-8BAF9659E5D2}.Debug|Any CPU.Build.0 = Debug|Any CPU
		{4116259D-437B-4835-87F5-8BAF9659E5D2}.Release|Any CPU.ActiveCfg = Release|Any CPU
		{4116259D-437B-4835-87F5-8BAF9659E5D2}.Release|Any CPU.Build.0 = Release|Any CPU
	EndGlobalSection
	GlobalSection(SolutionProperties) = preSolution
		HideSolutionNode = FALSE
	EndGlobalSection
	GlobalSection(ExtensibilityGlobals) = postSolution
		SolutionGuid = {A86B969B-48FA-413A-8FB5-05665D1E7A3B}
	EndGlobalSection
EndGlobal
