
Microsoft Visual Studio Solution File, Format Version 12.00
# Visual Studio Version 16
VisualStudioVersion = 16.0.31321.278
MinimumVisualStudioVersion = 10.0.40219.1
Project("{FAE04EC0-301F-11D3-BF4B-00C04F79EFBC}") = "DesplazarElemento", "DesplazarElementos\DesplazarElemento.csproj", "{927A279C-EFA2-43F7-8069-5B3A4312057E}"
EndProject
Project("{2150E333-8FDC-42A3-9474-1A3956D46DE8}") = "EdiciónElementos", "EdiciónElementos", "{829454BF-00C1-4759-AF09-D23966301307}"
EndProject
Project("{FAE04EC0-301F-11D3-BF4B-00C04F79EFBC}") = "DesplazarLocationPoint", "DesplazarLocationPoint\DesplazarLocationPoint.csproj", "{4243621B-373C-4471-AA98-106B2EE84C13}"
EndProject
Project("{FAE04EC0-301F-11D3-BF4B-00C04F79EFBC}") = "DesplazarLocationCurve", "DesplazarLocationCurve\DesplazarLocationCurve.csproj", "{5873D919-20ED-4EC7-B396-61E0E961AB31}"
EndProject
Project("{FAE04EC0-301F-11D3-BF4B-00C04F79EFBC}") = "DesplazarCreandoLocation", "DesplazarCreandoLocation\DesplazarCreandoLocation.csproj", "{F98261E5-1E80-431A-ABE5-43A7A2656A1E}"
EndProject
Project("{2150E333-8FDC-42A3-9474-1A3956D46DE8}") = "Desplazar", "Desplazar", "{CBD2EFCF-0C4B-4231-B2B4-F857D083306B}"
EndProject
Project("{2150E333-8FDC-42A3-9474-1A3956D46DE8}") = "Copiar", "Copiar", "{758E1DFD-355B-4FF4-9046-806AEF9BEE4B}"
EndProject
Project("{FAE04EC0-301F-11D3-BF4B-00C04F79EFBC}") = "CopiarElementos", "CopiaElemento\CopiarElementos.csproj", "{80AB61AB-8E56-49FB-9AB4-BFE2DAE168B2}"
EndProject
Project("{FAE04EC0-301F-11D3-BF4B-00C04F79EFBC}") = "CopiarADocumento", "CopiarADocumento\CopiarADocumento.csproj", "{9A5021E6-F808-4B50-AADA-9D65AEA53D42}"
EndProject
Project("{FAE04EC0-301F-11D3-BF4B-00C04F79EFBC}") = "CopiarAVista", "CopiarAVista\CopiarAVista.csproj", "{314A3846-9F20-4548-99BD-E809EC3B9884}"
EndProject
Project("{2150E333-8FDC-42A3-9474-1A3956D46DE8}") = "Rotar", "Rotar", "{F14B7791-46CD-41DE-8E9F-9ED0CD175F1F}"
EndProject
Project("{FAE04EC0-301F-11D3-BF4B-00C04F79EFBC}") = "RotarEnPlanoElemento", "RotarEnPlano\RotarEnPlanoElemento.csproj", "{4CEB11A4-5D45-4537-B8E5-44F37BBF495B}"
EndProject
Project("{FAE04EC0-301F-11D3-BF4B-00C04F79EFBC}") = "RotarEnPlanoInclinado", "RotarEnPlanoInclinado\RotarEnPlanoInclinado.csproj", "{430F0F0A-DE8D-46A6-8E47-3014C2A2D13F}"
EndProject
Project("{2150E333-8FDC-42A3-9474-1A3956D46DE8}") = "Matriz", "Matriz", "{F7C6D296-2293-4881-9906-2CC69723C16C}"
EndProject
Project("{FAE04EC0-301F-11D3-BF4B-00C04F79EFBC}") = "CrearMatriz", "CrearMatriz\CrearMatriz.csproj", "{8A047115-E3D7-4B6C-84B3-7E88F113CE78}"
EndProject
Project("{FAE04EC0-301F-11D3-BF4B-00C04F79EFBC}") = "RedimensionarMatriz", "RedimensionarMatriz\RedimensionarMatriz.csproj", "{C3AA98C8-A6F4-4F1F-98CD-FF221821124A}"
EndProject
Project("{2150E333-8FDC-42A3-9474-1A3956D46DE8}") = "Simetria", "Simetria", "{3EE9C827-C0E5-4A90-AF28-0EF5B1806A0B}"
EndProject
Project("{FAE04EC0-301F-11D3-BF4B-00C04F79EFBC}") = "SimetriaElementos", "SimetriaElementos\SimetriaElementos.csproj", "{735B665C-696B-42AE-881F-9055385F31DB}"
EndProject
Project("{2150E333-8FDC-42A3-9474-1A3956D46DE8}") = "Transformadas", "Transformadas", "{5F2986EF-B8FF-406A-BA0C-93C65B593C0B}"
EndProject
Project("{FAE04EC0-301F-11D3-BF4B-00C04F79EFBC}") = "TransformModelLine", "TransformModelLine\TransformModelLine.csproj", "{1A9D3C75-DFF5-427F-A492-19B92AFA4CDC}"
EndProject
Project("{FAE04EC0-301F-11D3-BF4B-00C04F79EFBC}") = "TransformView3D", "TransformView3D\TransformView3D.csproj", "{EDA6BBA4-D592-4468-9576-967077078FFA}"
EndProject
Project("{2150E333-8FDC-42A3-9474-1A3956D46DE8}") = "CreacionElementos", "CreacionElementos", "{03D1CE82-2115-47B6-AECE-3450CE01005D}"
EndProject
Project("{2150E333-8FDC-42A3-9474-1A3956D46DE8}") = "BorradoElementos", "BorradoElementos", "{3459F0B9-682C-48B7-B93E-17D21AC43A9B}"
EndProject
Project("{FAE04EC0-301F-11D3-BF4B-00C04F79EFBC}") = "CrearMuro", "CrearMuro\CrearMuro.csproj", "{DBFDAF8A-ED45-4802-AF0A-BD5EE28C56FA}"
EndProject
Project("{FAE04EC0-301F-11D3-BF4B-00C04F79EFBC}") = "CrearSuelo", "CrearSuelo\CrearSuelo.csproj", "{9D03E1B5-2BC3-43AC-BEC4-FB996991AE51}"
EndProject
Project("{FAE04EC0-301F-11D3-BF4B-00C04F79EFBC}") = "CrearPlataformaNivelacion", "CrearPlataformaNivelacion\CrearPlataformaNivelacion.csproj", "{54DE2350-6726-4A90-8C95-57A6D7BE7288}"
EndProject
Project("{FAE04EC0-301F-11D3-BF4B-00C04F79EFBC}") = "CrearSubelementosEnSuelo", "CrearSubelementosEnSuelo\CrearSubelementosEnSuelo.csproj", "{A426753F-FE85-4DB4-8F76-1034CDA7F73E}"
EndProject
Project("{FAE04EC0-301F-11D3-BF4B-00C04F79EFBC}") = "CrearCubierta", "CrearCubierta\CrearCubierta.csproj", "{A69BD355-E27E-4AC1-9163-24E469DB22E2}"
EndProject
Project("{2150E333-8FDC-42A3-9474-1A3956D46DE8}") = "Familias", "Familias", "{D3860D67-4B76-4F2D-90D8-87A1F01B017D}"
EndProject
Project("{FAE04EC0-301F-11D3-BF4B-00C04F79EFBC}") = "CargarFamilia", "CargarFamilia\CargarFamilia.csproj", "{1EA244BD-B7A5-4B6B-B313-389C0835F086}"
EndProject
Project("{FAE04EC0-301F-11D3-BF4B-00C04F79EFBC}") = "CargarSymbol", "CargarSymbol\CargarSymbol.csproj", "{9616E252-A656-4896-8EA4-C29F038064C5}"
EndProject
Project("{FAE04EC0-301F-11D3-BF4B-00C04F79EFBC}") = "CrearFamilia", "CrearFamilia\CrearFamilia.csproj", "{2D5A6B2C-F95A-4797-AD8E-BAFFA0B82160}"
EndProject
Project("{FAE04EC0-301F-11D3-BF4B-00C04F79EFBC}") = "CrearFamiliaHospedada", "CrearFamiliaHospedada\CrearFamiliaHospedada.csproj", "{CC8AF323-AB51-4ECB-96EC-0469841FAB6F}"
EndProject
Project("{FAE04EC0-301F-11D3-BF4B-00C04F79EFBC}") = "CrearVariasFamilias", "CrearVariasFamilias\CrearVariasFamilias.csproj", "{C3F3FED7-2403-4073-B658-042D188763BD}"
EndProject
Project("{FAE04EC0-301F-11D3-BF4B-00C04F79EFBC}") = "SubElementosFamilia", "SubElementosFamilia\SubElementosFamilia.csproj", "{424750E7-18C6-45EF-A41E-1BD2D93A5525}"
EndProject
Project("{FAE04EC0-301F-11D3-BF4B-00C04F79EFBC}") = "OrientacionFamilyInstance", "OrientacionFamilyInstance\OrientacionFamilyInstance.csproj", "{CE422AED-C520-4ED6-934A-7C0B459E38FD}"
EndProject
Project("{FAE04EC0-301F-11D3-BF4B-00C04F79EFBC}") = "UbicacionFamilyInstance", "UbicacionFamilyInstance\UbicacionFamilyInstance.csproj", "{A22CA7A0-C658-4304-9484-DA6743527820}"
EndProject
Project("{FAE04EC0-301F-11D3-BF4B-00C04F79EFBC}") = "RotarEnPlanoLocation", "RotarEnPlanoLocation\RotarEnPlanoLocation.csproj", "{B42DF098-135E-4CD0-848A-C98A5553A7F0}"
EndProject
Project("{2150E333-8FDC-42A3-9474-1A3956D46DE8}") = "Bloqueo", "Bloqueo", "{25CB2A8D-8670-45FC-B11A-499CB7DAF638}"
EndProject
Project("{FAE04EC0-301F-11D3-BF4B-00C04F79EFBC}") = "BloqueoAlternar", "BloqueoAlternar\BloqueoAlternar.csproj", "{E78F59CA-8599-4F4A-9452-CF69F47D5193}"
EndProject
Project("{2150E333-8FDC-42A3-9474-1A3956D46DE8}") = "Grupos", "Grupos", "{F3BB2E75-D517-4833-AD4D-4BB4DB91BACD}"
EndProject
Project("{FAE04EC0-301F-11D3-BF4B-00C04F79EFBC}") = "Agrupar", "Agrupar\Agrupar.csproj", "{49B9312F-D9A1-4DBA-AC09-96C680C87781}"
EndProject
Project("{2150E333-8FDC-42A3-9474-1A3956D46DE8}") = "Alinear", "Alinear", "{C76F5D83-7740-4DED-9258-BF6737204A08}"
EndProject
Project("{FAE04EC0-301F-11D3-BF4B-00C04F79EFBC}") = "AlinearElementos", "AlinearAlementos\AlinearElementos.csproj", "{2B892B84-4403-4F6A-AAEC-A7A4A31603CB}"
EndProject
Project("{FAE04EC0-301F-11D3-BF4B-00C04F79EFBC}") = "BorrarObjetos", "BorrarObjetos\BorrarObjetos.csproj", "{062C3AF2-7A2B-4E64-8E9A-B41B4D0F0EC9}"
EndProject
Global
	GlobalSection(SolutionConfigurationPlatforms) = preSolution
		Debug|Any CPU = Debug|Any CPU
		Release|Any CPU = Release|Any CPU
	EndGlobalSection
	GlobalSection(ProjectConfigurationPlatforms) = postSolution
		{927A279C-EFA2-43F7-8069-5B3A4312057E}.Debug|Any CPU.ActiveCfg = Debug|Any CPU
		{927A279C-EFA2-43F7-8069-5B3A4312057E}.Debug|Any CPU.Build.0 = Debug|Any CPU
		{927A279C-EFA2-43F7-8069-5B3A4312057E}.Release|Any CPU.ActiveCfg = Release|Any CPU
		{927A279C-EFA2-43F7-8069-5B3A4312057E}.Release|Any CPU.Build.0 = Release|Any CPU
		{4243621B-373C-4471-AA98-106B2EE84C13}.Debug|Any CPU.ActiveCfg = Debug|Any CPU
		{4243621B-373C-4471-AA98-106B2EE84C13}.Debug|Any CPU.Build.0 = Debug|Any CPU
		{4243621B-373C-4471-AA98-106B2EE84C13}.Release|Any CPU.ActiveCfg = Release|Any CPU
		{4243621B-373C-4471-AA98-106B2EE84C13}.Release|Any CPU.Build.0 = Release|Any CPU
		{5873D919-20ED-4EC7-B396-61E0E961AB31}.Debug|Any CPU.ActiveCfg = Debug|Any CPU
		{5873D919-20ED-4EC7-B396-61E0E961AB31}.Debug|Any CPU.Build.0 = Debug|Any CPU
		{5873D919-20ED-4EC7-B396-61E0E961AB31}.Release|Any CPU.ActiveCfg = Release|Any CPU
		{5873D919-20ED-4EC7-B396-61E0E961AB31}.Release|Any CPU.Build.0 = Release|Any CPU
		{F98261E5-1E80-431A-ABE5-43A7A2656A1E}.Debug|Any CPU.ActiveCfg = Debug|Any CPU
		{F98261E5-1E80-431A-ABE5-43A7A2656A1E}.Debug|Any CPU.Build.0 = Debug|Any CPU
		{F98261E5-1E80-431A-ABE5-43A7A2656A1E}.Release|Any CPU.ActiveCfg = Release|Any CPU
		{F98261E5-1E80-431A-ABE5-43A7A2656A1E}.Release|Any CPU.Build.0 = Release|Any CPU
		{80AB61AB-8E56-49FB-9AB4-BFE2DAE168B2}.Debug|Any CPU.ActiveCfg = Debug|Any CPU
		{80AB61AB-8E56-49FB-9AB4-BFE2DAE168B2}.Debug|Any CPU.Build.0 = Debug|Any CPU
		{80AB61AB-8E56-49FB-9AB4-BFE2DAE168B2}.Release|Any CPU.ActiveCfg = Release|Any CPU
		{80AB61AB-8E56-49FB-9AB4-BFE2DAE168B2}.Release|Any CPU.Build.0 = Release|Any CPU
		{9A5021E6-F808-4B50-AADA-9D65AEA53D42}.Debug|Any CPU.ActiveCfg = Debug|Any CPU
		{9A5021E6-F808-4B50-AADA-9D65AEA53D42}.Debug|Any CPU.Build.0 = Debug|Any CPU
		{9A5021E6-F808-4B50-AADA-9D65AEA53D42}.Release|Any CPU.ActiveCfg = Release|Any CPU
		{9A5021E6-F808-4B50-AADA-9D65AEA53D42}.Release|Any CPU.Build.0 = Release|Any CPU
		{314A3846-9F20-4548-99BD-E809EC3B9884}.Debug|Any CPU.ActiveCfg = Debug|Any CPU
		{314A3846-9F20-4548-99BD-E809EC3B9884}.Debug|Any CPU.Build.0 = Debug|Any CPU
		{314A3846-9F20-4548-99BD-E809EC3B9884}.Release|Any CPU.ActiveCfg = Release|Any CPU
		{314A3846-9F20-4548-99BD-E809EC3B9884}.Release|Any CPU.Build.0 = Release|Any CPU
		{4CEB11A4-5D45-4537-B8E5-44F37BBF495B}.Debug|Any CPU.ActiveCfg = Debug|Any CPU
		{4CEB11A4-5D45-4537-B8E5-44F37BBF495B}.Debug|Any CPU.Build.0 = Debug|Any CPU
		{4CEB11A4-5D45-4537-B8E5-44F37BBF495B}.Release|Any CPU.ActiveCfg = Release|Any CPU
		{4CEB11A4-5D45-4537-B8E5-44F37BBF495B}.Release|Any CPU.Build.0 = Release|Any CPU
		{430F0F0A-DE8D-46A6-8E47-3014C2A2D13F}.Debug|Any CPU.ActiveCfg = Debug|Any CPU
		{430F0F0A-DE8D-46A6-8E47-3014C2A2D13F}.Debug|Any CPU.Build.0 = Debug|Any CPU
		{430F0F0A-DE8D-46A6-8E47-3014C2A2D13F}.Release|Any CPU.ActiveCfg = Release|Any CPU
		{430F0F0A-DE8D-46A6-8E47-3014C2A2D13F}.Release|Any CPU.Build.0 = Release|Any CPU
		{8A047115-E3D7-4B6C-84B3-7E88F113CE78}.Debug|Any CPU.ActiveCfg = Debug|Any CPU
		{8A047115-E3D7-4B6C-84B3-7E88F113CE78}.Debug|Any CPU.Build.0 = Debug|Any CPU
		{8A047115-E3D7-4B6C-84B3-7E88F113CE78}.Release|Any CPU.ActiveCfg = Release|Any CPU
		{8A047115-E3D7-4B6C-84B3-7E88F113CE78}.Release|Any CPU.Build.0 = Release|Any CPU
		{C3AA98C8-A6F4-4F1F-98CD-FF221821124A}.Debug|Any CPU.ActiveCfg = Debug|Any CPU
		{C3AA98C8-A6F4-4F1F-98CD-FF221821124A}.Debug|Any CPU.Build.0 = Debug|Any CPU
		{C3AA98C8-A6F4-4F1F-98CD-FF221821124A}.Release|Any CPU.ActiveCfg = Release|Any CPU
		{C3AA98C8-A6F4-4F1F-98CD-FF221821124A}.Release|Any CPU.Build.0 = Release|Any CPU
		{735B665C-696B-42AE-881F-9055385F31DB}.Debug|Any CPU.ActiveCfg = Debug|Any CPU
		{735B665C-696B-42AE-881F-9055385F31DB}.Debug|Any CPU.Build.0 = Debug|Any CPU
		{735B665C-696B-42AE-881F-9055385F31DB}.Release|Any CPU.ActiveCfg = Release|Any CPU
		{735B665C-696B-42AE-881F-9055385F31DB}.Release|Any CPU.Build.0 = Release|Any CPU
		{1A9D3C75-DFF5-427F-A492-19B92AFA4CDC}.Debug|Any CPU.ActiveCfg = Debug|Any CPU
		{1A9D3C75-DFF5-427F-A492-19B92AFA4CDC}.Debug|Any CPU.Build.0 = Debug|Any CPU
		{1A9D3C75-DFF5-427F-A492-19B92AFA4CDC}.Release|Any CPU.ActiveCfg = Release|Any CPU
		{1A9D3C75-DFF5-427F-A492-19B92AFA4CDC}.Release|Any CPU.Build.0 = Release|Any CPU
		{EDA6BBA4-D592-4468-9576-967077078FFA}.Debug|Any CPU.ActiveCfg = Debug|Any CPU
		{EDA6BBA4-D592-4468-9576-967077078FFA}.Debug|Any CPU.Build.0 = Debug|Any CPU
		{EDA6BBA4-D592-4468-9576-967077078FFA}.Release|Any CPU.ActiveCfg = Release|Any CPU
		{EDA6BBA4-D592-4468-9576-967077078FFA}.Release|Any CPU.Build.0 = Release|Any CPU
		{DBFDAF8A-ED45-4802-AF0A-BD5EE28C56FA}.Debug|Any CPU.ActiveCfg = Debug|Any CPU
		{DBFDAF8A-ED45-4802-AF0A-BD5EE28C56FA}.Debug|Any CPU.Build.0 = Debug|Any CPU
		{DBFDAF8A-ED45-4802-AF0A-BD5EE28C56FA}.Release|Any CPU.ActiveCfg = Release|Any CPU
		{DBFDAF8A-ED45-4802-AF0A-BD5EE28C56FA}.Release|Any CPU.Build.0 = Release|Any CPU
		{9D03E1B5-2BC3-43AC-BEC4-FB996991AE51}.Debug|Any CPU.ActiveCfg = Debug|Any CPU
		{9D03E1B5-2BC3-43AC-BEC4-FB996991AE51}.Debug|Any CPU.Build.0 = Debug|Any CPU
		{9D03E1B5-2BC3-43AC-BEC4-FB996991AE51}.Release|Any CPU.ActiveCfg = Release|Any CPU
		{9D03E1B5-2BC3-43AC-BEC4-FB996991AE51}.Release|Any CPU.Build.0 = Release|Any CPU
		{54DE2350-6726-4A90-8C95-57A6D7BE7288}.Debug|Any CPU.ActiveCfg = Debug|Any CPU
		{54DE2350-6726-4A90-8C95-57A6D7BE7288}.Debug|Any CPU.Build.0 = Debug|Any CPU
		{54DE2350-6726-4A90-8C95-57A6D7BE7288}.Release|Any CPU.ActiveCfg = Release|Any CPU
		{54DE2350-6726-4A90-8C95-57A6D7BE7288}.Release|Any CPU.Build.0 = Release|Any CPU
		{A426753F-FE85-4DB4-8F76-1034CDA7F73E}.Debug|Any CPU.ActiveCfg = Debug|Any CPU
		{A426753F-FE85-4DB4-8F76-1034CDA7F73E}.Debug|Any CPU.Build.0 = Debug|Any CPU
		{A426753F-FE85-4DB4-8F76-1034CDA7F73E}.Release|Any CPU.ActiveCfg = Release|Any CPU
		{A426753F-FE85-4DB4-8F76-1034CDA7F73E}.Release|Any CPU.Build.0 = Release|Any CPU
		{A69BD355-E27E-4AC1-9163-24E469DB22E2}.Debug|Any CPU.ActiveCfg = Debug|Any CPU
		{A69BD355-E27E-4AC1-9163-24E469DB22E2}.Debug|Any CPU.Build.0 = Debug|Any CPU
		{A69BD355-E27E-4AC1-9163-24E469DB22E2}.Release|Any CPU.ActiveCfg = Release|Any CPU
		{A69BD355-E27E-4AC1-9163-24E469DB22E2}.Release|Any CPU.Build.0 = Release|Any CPU
		{1EA244BD-B7A5-4B6B-B313-389C0835F086}.Debug|Any CPU.ActiveCfg = Debug|Any CPU
		{1EA244BD-B7A5-4B6B-B313-389C0835F086}.Debug|Any CPU.Build.0 = Debug|Any CPU
		{1EA244BD-B7A5-4B6B-B313-389C0835F086}.Release|Any CPU.ActiveCfg = Release|Any CPU
		{1EA244BD-B7A5-4B6B-B313-389C0835F086}.Release|Any CPU.Build.0 = Release|Any CPU
		{9616E252-A656-4896-8EA4-C29F038064C5}.Debug|Any CPU.ActiveCfg = Debug|Any CPU
		{9616E252-A656-4896-8EA4-C29F038064C5}.Debug|Any CPU.Build.0 = Debug|Any CPU
		{9616E252-A656-4896-8EA4-C29F038064C5}.Release|Any CPU.ActiveCfg = Release|Any CPU
		{9616E252-A656-4896-8EA4-C29F038064C5}.Release|Any CPU.Build.0 = Release|Any CPU
		{2D5A6B2C-F95A-4797-AD8E-BAFFA0B82160}.Debug|Any CPU.ActiveCfg = Debug|Any CPU
		{2D5A6B2C-F95A-4797-AD8E-BAFFA0B82160}.Debug|Any CPU.Build.0 = Debug|Any CPU
		{2D5A6B2C-F95A-4797-AD8E-BAFFA0B82160}.Release|Any CPU.ActiveCfg = Release|Any CPU
		{2D5A6B2C-F95A-4797-AD8E-BAFFA0B82160}.Release|Any CPU.Build.0 = Release|Any CPU
		{CC8AF323-AB51-4ECB-96EC-0469841FAB6F}.Debug|Any CPU.ActiveCfg = Debug|Any CPU
		{CC8AF323-AB51-4ECB-96EC-0469841FAB6F}.Debug|Any CPU.Build.0 = Debug|Any CPU
		{CC8AF323-AB51-4ECB-96EC-0469841FAB6F}.Release|Any CPU.ActiveCfg = Release|Any CPU
		{CC8AF323-AB51-4ECB-96EC-0469841FAB6F}.Release|Any CPU.Build.0 = Release|Any CPU
		{C3F3FED7-2403-4073-B658-042D188763BD}.Debug|Any CPU.ActiveCfg = Debug|Any CPU
		{C3F3FED7-2403-4073-B658-042D188763BD}.Debug|Any CPU.Build.0 = Debug|Any CPU
		{C3F3FED7-2403-4073-B658-042D188763BD}.Release|Any CPU.ActiveCfg = Release|Any CPU
		{C3F3FED7-2403-4073-B658-042D188763BD}.Release|Any CPU.Build.0 = Release|Any CPU
		{424750E7-18C6-45EF-A41E-1BD2D93A5525}.Debug|Any CPU.ActiveCfg = Debug|Any CPU
		{424750E7-18C6-45EF-A41E-1BD2D93A5525}.Debug|Any CPU.Build.0 = Debug|Any CPU
		{424750E7-18C6-45EF-A41E-1BD2D93A5525}.Release|Any CPU.ActiveCfg = Release|Any CPU
		{424750E7-18C6-45EF-A41E-1BD2D93A5525}.Release|Any CPU.Build.0 = Release|Any CPU
		{CE422AED-C520-4ED6-934A-7C0B459E38FD}.Debug|Any CPU.ActiveCfg = Debug|Any CPU
		{CE422AED-C520-4ED6-934A-7C0B459E38FD}.Debug|Any CPU.Build.0 = Debug|Any CPU
		{CE422AED-C520-4ED6-934A-7C0B459E38FD}.Release|Any CPU.ActiveCfg = Release|Any CPU
		{CE422AED-C520-4ED6-934A-7C0B459E38FD}.Release|Any CPU.Build.0 = Release|Any CPU
		{A22CA7A0-C658-4304-9484-DA6743527820}.Debug|Any CPU.ActiveCfg = Debug|Any CPU
		{A22CA7A0-C658-4304-9484-DA6743527820}.Debug|Any CPU.Build.0 = Debug|Any CPU
		{A22CA7A0-C658-4304-9484-DA6743527820}.Release|Any CPU.ActiveCfg = Release|Any CPU
		{A22CA7A0-C658-4304-9484-DA6743527820}.Release|Any CPU.Build.0 = Release|Any CPU
		{B42DF098-135E-4CD0-848A-C98A5553A7F0}.Debug|Any CPU.ActiveCfg = Debug|Any CPU
		{B42DF098-135E-4CD0-848A-C98A5553A7F0}.Debug|Any CPU.Build.0 = Debug|Any CPU
		{B42DF098-135E-4CD0-848A-C98A5553A7F0}.Release|Any CPU.ActiveCfg = Release|Any CPU
		{B42DF098-135E-4CD0-848A-C98A5553A7F0}.Release|Any CPU.Build.0 = Release|Any CPU
		{E78F59CA-8599-4F4A-9452-CF69F47D5193}.Debug|Any CPU.ActiveCfg = Debug|Any CPU
		{E78F59CA-8599-4F4A-9452-CF69F47D5193}.Debug|Any CPU.Build.0 = Debug|Any CPU
		{E78F59CA-8599-4F4A-9452-CF69F47D5193}.Release|Any CPU.ActiveCfg = Release|Any CPU
		{E78F59CA-8599-4F4A-9452-CF69F47D5193}.Release|Any CPU.Build.0 = Release|Any CPU
		{49B9312F-D9A1-4DBA-AC09-96C680C87781}.Debug|Any CPU.ActiveCfg = Debug|Any CPU
		{49B9312F-D9A1-4DBA-AC09-96C680C87781}.Debug|Any CPU.Build.0 = Debug|Any CPU
		{49B9312F-D9A1-4DBA-AC09-96C680C87781}.Release|Any CPU.ActiveCfg = Release|Any CPU
		{49B9312F-D9A1-4DBA-AC09-96C680C87781}.Release|Any CPU.Build.0 = Release|Any CPU
		{2B892B84-4403-4F6A-AAEC-A7A4A31603CB}.Debug|Any CPU.ActiveCfg = Debug|Any CPU
		{2B892B84-4403-4F6A-AAEC-A7A4A31603CB}.Debug|Any CPU.Build.0 = Debug|Any CPU
		{2B892B84-4403-4F6A-AAEC-A7A4A31603CB}.Release|Any CPU.ActiveCfg = Release|Any CPU
		{2B892B84-4403-4F6A-AAEC-A7A4A31603CB}.Release|Any CPU.Build.0 = Release|Any CPU
		{062C3AF2-7A2B-4E64-8E9A-B41B4D0F0EC9}.Debug|Any CPU.ActiveCfg = Debug|Any CPU
		{062C3AF2-7A2B-4E64-8E9A-B41B4D0F0EC9}.Debug|Any CPU.Build.0 = Debug|Any CPU
		{062C3AF2-7A2B-4E64-8E9A-B41B4D0F0EC9}.Release|Any CPU.ActiveCfg = Release|Any CPU
		{062C3AF2-7A2B-4E64-8E9A-B41B4D0F0EC9}.Release|Any CPU.Build.0 = Release|Any CPU
	EndGlobalSection
	GlobalSection(SolutionProperties) = preSolution
		HideSolutionNode = FALSE
	EndGlobalSection
	GlobalSection(NestedProjects) = preSolution
		{927A279C-EFA2-43F7-8069-5B3A4312057E} = {CBD2EFCF-0C4B-4231-B2B4-F857D083306B}
		{4243621B-373C-4471-AA98-106B2EE84C13} = {CBD2EFCF-0C4B-4231-B2B4-F857D083306B}
		{5873D919-20ED-4EC7-B396-61E0E961AB31} = {CBD2EFCF-0C4B-4231-B2B4-F857D083306B}
		{F98261E5-1E80-431A-ABE5-43A7A2656A1E} = {CBD2EFCF-0C4B-4231-B2B4-F857D083306B}
		{CBD2EFCF-0C4B-4231-B2B4-F857D083306B} = {829454BF-00C1-4759-AF09-D23966301307}
		{758E1DFD-355B-4FF4-9046-806AEF9BEE4B} = {829454BF-00C1-4759-AF09-D23966301307}
		{80AB61AB-8E56-49FB-9AB4-BFE2DAE168B2} = {758E1DFD-355B-4FF4-9046-806AEF9BEE4B}
		{9A5021E6-F808-4B50-AADA-9D65AEA53D42} = {758E1DFD-355B-4FF4-9046-806AEF9BEE4B}
		{314A3846-9F20-4548-99BD-E809EC3B9884} = {758E1DFD-355B-4FF4-9046-806AEF9BEE4B}
		{F14B7791-46CD-41DE-8E9F-9ED0CD175F1F} = {829454BF-00C1-4759-AF09-D23966301307}
		{4CEB11A4-5D45-4537-B8E5-44F37BBF495B} = {F14B7791-46CD-41DE-8E9F-9ED0CD175F1F}
		{430F0F0A-DE8D-46A6-8E47-3014C2A2D13F} = {F14B7791-46CD-41DE-8E9F-9ED0CD175F1F}
		{F7C6D296-2293-4881-9906-2CC69723C16C} = {829454BF-00C1-4759-AF09-D23966301307}
		{8A047115-E3D7-4B6C-84B3-7E88F113CE78} = {F7C6D296-2293-4881-9906-2CC69723C16C}
		{C3AA98C8-A6F4-4F1F-98CD-FF221821124A} = {F7C6D296-2293-4881-9906-2CC69723C16C}
		{3EE9C827-C0E5-4A90-AF28-0EF5B1806A0B} = {829454BF-00C1-4759-AF09-D23966301307}
		{735B665C-696B-42AE-881F-9055385F31DB} = {3EE9C827-C0E5-4A90-AF28-0EF5B1806A0B}
		{5F2986EF-B8FF-406A-BA0C-93C65B593C0B} = {829454BF-00C1-4759-AF09-D23966301307}
		{1A9D3C75-DFF5-427F-A492-19B92AFA4CDC} = {5F2986EF-B8FF-406A-BA0C-93C65B593C0B}
		{EDA6BBA4-D592-4468-9576-967077078FFA} = {5F2986EF-B8FF-406A-BA0C-93C65B593C0B}
		{DBFDAF8A-ED45-4802-AF0A-BD5EE28C56FA} = {03D1CE82-2115-47B6-AECE-3450CE01005D}
		{9D03E1B5-2BC3-43AC-BEC4-FB996991AE51} = {03D1CE82-2115-47B6-AECE-3450CE01005D}
		{54DE2350-6726-4A90-8C95-57A6D7BE7288} = {03D1CE82-2115-47B6-AECE-3450CE01005D}
		{A426753F-FE85-4DB4-8F76-1034CDA7F73E} = {03D1CE82-2115-47B6-AECE-3450CE01005D}
		{A69BD355-E27E-4AC1-9163-24E469DB22E2} = {03D1CE82-2115-47B6-AECE-3450CE01005D}
		{1EA244BD-B7A5-4B6B-B313-389C0835F086} = {D3860D67-4B76-4F2D-90D8-87A1F01B017D}
		{9616E252-A656-4896-8EA4-C29F038064C5} = {D3860D67-4B76-4F2D-90D8-87A1F01B017D}
		{2D5A6B2C-F95A-4797-AD8E-BAFFA0B82160} = {D3860D67-4B76-4F2D-90D8-87A1F01B017D}
		{CC8AF323-AB51-4ECB-96EC-0469841FAB6F} = {D3860D67-4B76-4F2D-90D8-87A1F01B017D}
		{C3F3FED7-2403-4073-B658-042D188763BD} = {D3860D67-4B76-4F2D-90D8-87A1F01B017D}
		{424750E7-18C6-45EF-A41E-1BD2D93A5525} = {D3860D67-4B76-4F2D-90D8-87A1F01B017D}
		{CE422AED-C520-4ED6-934A-7C0B459E38FD} = {D3860D67-4B76-4F2D-90D8-87A1F01B017D}
		{A22CA7A0-C658-4304-9484-DA6743527820} = {D3860D67-4B76-4F2D-90D8-87A1F01B017D}
		{B42DF098-135E-4CD0-848A-C98A5553A7F0} = {F14B7791-46CD-41DE-8E9F-9ED0CD175F1F}
		{25CB2A8D-8670-45FC-B11A-499CB7DAF638} = {829454BF-00C1-4759-AF09-D23966301307}
		{E78F59CA-8599-4F4A-9452-CF69F47D5193} = {25CB2A8D-8670-45FC-B11A-499CB7DAF638}
		{F3BB2E75-D517-4833-AD4D-4BB4DB91BACD} = {829454BF-00C1-4759-AF09-D23966301307}
		{49B9312F-D9A1-4DBA-AC09-96C680C87781} = {F3BB2E75-D517-4833-AD4D-4BB4DB91BACD}
		{C76F5D83-7740-4DED-9258-BF6737204A08} = {829454BF-00C1-4759-AF09-D23966301307}
		{2B892B84-4403-4F6A-AAEC-A7A4A31603CB} = {C76F5D83-7740-4DED-9258-BF6737204A08}
		{062C3AF2-7A2B-4E64-8E9A-B41B4D0F0EC9} = {3459F0B9-682C-48B7-B93E-17D21AC43A9B}
	EndGlobalSection
	GlobalSection(ExtensibilityGlobals) = postSolution
		SolutionGuid = {3E108815-C929-46B1-8EE4-8161CCF41917}
	EndGlobalSection
EndGlobal
